// !$*UTF8*$!
{
	archiveVersion = 1;
	classes = {
	};
	objectVersion = 46;
	objects = {

/* Begin PBXBuildFile section */
		1720A05E1EA9E78D009C2B87 /* AdductorsViewController.m in Sources */ = {isa = PBXBuildFile; fileRef = 1720A05C1EA9E78D009C2B87 /* AdductorsViewController.m */; };
		1720A05F1EA9E78D009C2B87 /* AdductorsViewController.xib in Resources */ = {isa = PBXBuildFile; fileRef = 1720A05D1EA9E78D009C2B87 /* AdductorsViewController.xib */; };
		1720A0631EA9E7A3009C2B87 /* HamstringsViewController.m in Sources */ = {isa = PBXBuildFile; fileRef = 1720A0611EA9E7A3009C2B87 /* HamstringsViewController.m */; };
		1720A0641EA9E7A3009C2B87 /* HamstringsViewController.xib in Resources */ = {isa = PBXBuildFile; fileRef = 1720A0621EA9E7A3009C2B87 /* HamstringsViewController.xib */; };
		1720A0681EA9E7DC009C2B87 /* DorsiflexorsViewController.m in Sources */ = {isa = PBXBuildFile; fileRef = 1720A0661EA9E7DC009C2B87 /* DorsiflexorsViewController.m */; };
		1720A0691EA9E7DC009C2B87 /* DorsiflexorsViewController.xib in Resources */ = {isa = PBXBuildFile; fileRef = 1720A0671EA9E7DC009C2B87 /* DorsiflexorsViewController.xib */; };
		1720A06E1EA9E82C009C2B87 /* HandStretchViewController.m in Sources */ = {isa = PBXBuildFile; fileRef = 1720A06C1EA9E82C009C2B87 /* HandStretchViewController.m */; };
		1720A06F1EA9E82C009C2B87 /* HandStretchViewController.xib in Resources */ = {isa = PBXBuildFile; fileRef = 1720A06D1EA9E82C009C2B87 /* HandStretchViewController.xib */; };
		1720A0731EA9E841009C2B87 /* ShoulderStretchViewController.m in Sources */ = {isa = PBXBuildFile; fileRef = 1720A0711EA9E841009C2B87 /* ShoulderStretchViewController.m */; };
		1720A0741EA9E841009C2B87 /* ShoulderStretchViewController.xib in Resources */ = {isa = PBXBuildFile; fileRef = 1720A0721EA9E841009C2B87 /* ShoulderStretchViewController.xib */; };
		1720A0781EA9E85D009C2B87 /* ArmStretchViewController.m in Sources */ = {isa = PBXBuildFile; fileRef = 1720A0761EA9E85D009C2B87 /* ArmStretchViewController.m */; };
		1720A0791EA9E85D009C2B87 /* ArmStretchViewController.xib in Resources */ = {isa = PBXBuildFile; fileRef = 1720A0771EA9E85D009C2B87 /* ArmStretchViewController.xib */; };
		1737A1991EA8976F00C6D71E /* 1BKneeFlexion.m4v in Resources */ = {isa = PBXBuildFile; fileRef = 17593E781EA83B0300F37C74 /* 1BKneeFlexion.m4v */; };
		1737A19A1EA8977300C6D71E /* 1CHipFlexion.m4v in Resources */ = {isa = PBXBuildFile; fileRef = 17593E771EA83B0300F37C74 /* 1CHipFlexion.m4v */; };
		1737A19B1EA897C900C6D71E /* 2AElbowFlexion.m4v in Resources */ = {isa = PBXBuildFile; fileRef = 17593E761EA83B0300F37C74 /* 2AElbowFlexion.m4v */; };
		1737A19C1EA897CF00C6D71E /* 2BShoulderFlexion.m4v in Resources */ = {isa = PBXBuildFile; fileRef = 17593E751EA83B0300F37C74 /* 2BShoulderFlexion.m4v */; };
		1737A19D1EA897D300C6D71E /* 3ALegControl1.m4v in Resources */ = {isa = PBXBuildFile; fileRef = 17593E741EA83B0300F37C74 /* 3ALegControl1.m4v */; };
		1737A19E1EA897D700C6D71E /* 3BLegControl2.m4v in Resources */ = {isa = PBXBuildFile; fileRef = 17593E731EA83B0300F37C74 /* 3BLegControl2.m4v */; };
		1737A19F1EA897DB00C6D71E /* 4ABridgeHipLift.m4v in Resources */ = {isa = PBXBuildFile; fileRef = 17593E721EA83B0300F37C74 /* 4ABridgeHipLift.m4v */; };
		1737A1A01EA897E100C6D71E /* 4BArmAndTrunkStrengthening.m4v in Resources */ = {isa = PBXBuildFile; fileRef = 17593E711EA83B0300F37C74 /* 4BArmAndTrunkStrengthening.m4v */; };
		1737A1A11EA897E400C6D71E /* 4CSitToStand.m4v in Resources */ = {isa = PBXBuildFile; fileRef = 17593E701EA83B0300F37C74 /* 4CSitToStand.m4v */; };
		1737A1A21EA897E800C6D71E /* 5AFemaleDocWaving.m4v in Resources */ = {isa = PBXBuildFile; fileRef = 17593E6F1EA83B0300F37C74 /* 5AFemaleDocWaving.m4v */; };
		1788309C1EA8985200690787 /* 5BMaleDocWaving.m4v in Resources */ = {isa = PBXBuildFile; fileRef = 17593E6E1EA83B0300F37C74 /* 5BMaleDocWaving.m4v */; };
		179726B51EB3109B0053378E /* WebViewController.m in Sources */ = {isa = PBXBuildFile; fileRef = 179726B31EB3109B0053378E /* WebViewController.m */; };
		179726B61EB3109B0053378E /* WebViewController.xib in Resources */ = {isa = PBXBuildFile; fileRef = 179726B41EB3109B0053378E /* WebViewController.xib */; };
		17DE3D4A1EA95F2300D350A1 /* LegAndFeetViewController.m in Sources */ = {isa = PBXBuildFile; fileRef = 17DE3D481EA95F2300D350A1 /* LegAndFeetViewController.m */; };
		17DE3D4B1EA95F2300D350A1 /* LegAndFeetViewController.xib in Resources */ = {isa = PBXBuildFile; fileRef = 17DE3D491EA95F2300D350A1 /* LegAndFeetViewController.xib */; };
		17DE3D4F1EA9604900D350A1 /* ArmsAndHandsViewController.m in Sources */ = {isa = PBXBuildFile; fileRef = 17DE3D4D1EA9604900D350A1 /* ArmsAndHandsViewController.m */; };
		17DE3D501EA9604900D350A1 /* ArmsAndHandsViewController.xib in Resources */ = {isa = PBXBuildFile; fileRef = 17DE3D4E1EA9604900D350A1 /* ArmsAndHandsViewController.xib */; };
		17E0BB1B1EA40F5A001FC7F3 /* LegsViewController.m in Sources */ = {isa = PBXBuildFile; fileRef = 17E0BB191EA40F5A001FC7F3 /* LegsViewController.m */; };
		17E0BB1C1EA40F5A001FC7F3 /* LegsViewController.xib in Resources */ = {isa = PBXBuildFile; fileRef = 17E0BB1A1EA40F5A001FC7F3 /* LegsViewController.xib */; };
		17E0BB201EA40F70001FC7F3 /* ArmsViewController.m in Sources */ = {isa = PBXBuildFile; fileRef = 17E0BB1E1EA40F70001FC7F3 /* ArmsViewController.m */; };
		17E0BB211EA40F70001FC7F3 /* ArmsViewController.xib in Resources */ = {isa = PBXBuildFile; fileRef = 17E0BB1F1EA40F70001FC7F3 /* ArmsViewController.xib */; };
		17E0BB251EA40F9A001FC7F3 /* MindExercisesViewController.m in Sources */ = {isa = PBXBuildFile; fileRef = 17E0BB231EA40F9A001FC7F3 /* MindExercisesViewController.m */; };
		17E0BB261EA40F9A001FC7F3 /* MindExercisesViewController.xib in Resources */ = {isa = PBXBuildFile; fileRef = 17E0BB241EA40F9A001FC7F3 /* MindExercisesViewController.xib */; };
		17E0BB291EA41043001FC7F3 /* 1AToeFlexion.m4v in Resources */ = {isa = PBXBuildFile; fileRef = 17E0BB281EA41043001FC7F3 /* 1AToeFlexion.m4v */; };
		17E0BB2D1EA41069001FC7F3 /* VideoViewController.m in Sources */ = {isa = PBXBuildFile; fileRef = 17E0BB2B1EA41069001FC7F3 /* VideoViewController.m */; };
		17E0BB2E1EA41069001FC7F3 /* VideoViewController.xib in Resources */ = {isa = PBXBuildFile; fileRef = 17E0BB2C1EA41069001FC7F3 /* VideoViewController.xib */; };
		17E0BB321EA41129001FC7F3 /* StrengtheningViewController.m in Sources */ = {isa = PBXBuildFile; fileRef = 17E0BB301EA41129001FC7F3 /* StrengtheningViewController.m */; };
		17E0BB351EA41201001FC7F3 /* StrengtheningViewController.xib in Resources */ = {isa = PBXBuildFile; fileRef = 17E0BB341EA41201001FC7F3 /* StrengtheningViewController.xib */; };
		17E0BB391EA4125E001FC7F3 /* CoordinationViewController.m in Sources */ = {isa = PBXBuildFile; fileRef = 17E0BB371EA4125E001FC7F3 /* CoordinationViewController.m */; };
		17E0BB3A1EA4125E001FC7F3 /* CoordinationViewController.xib in Resources */ = {isa = PBXBuildFile; fileRef = 17E0BB381EA4125E001FC7F3 /* CoordinationViewController.xib */; };
		17E0BB3E1EA4127D001FC7F3 /* StretchingViewController.m in Sources */ = {isa = PBXBuildFile; fileRef = 17E0BB3C1EA4127D001FC7F3 /* StretchingViewController.m */; };
		17E0BB3F1EA4127D001FC7F3 /* StretchingViewController.xib in Resources */ = {isa = PBXBuildFile; fileRef = 17E0BB3D1EA4127D001FC7F3 /* StretchingViewController.xib */; };
		17E0BB431EA41370001FC7F3 /* FunctionalMobilityViewController.m in Sources */ = {isa = PBXBuildFile; fileRef = 17E0BB411EA41370001FC7F3 /* FunctionalMobilityViewController.m */; };
		17E0BB441EA41370001FC7F3 /* FunctionalMobilityViewController.xib in Resources */ = {isa = PBXBuildFile; fileRef = 17E0BB421EA41370001FC7F3 /* FunctionalMobilityViewController.xib */; };
		17E0BB461EA4139E001FC7F3 /* ExercisesViewController.xib in Resources */ = {isa = PBXBuildFile; fileRef = 17E0BB451EA4139E001FC7F3 /* ExercisesViewController.xib */; };
		CC11D11B1EB3B8DE0063E72A /* ReminderTableViewCell.m in Sources */ = {isa = PBXBuildFile; fileRef = CC11D1191EB3B8DE0063E72A /* ReminderTableViewCell.m */; };
		CC11D11C1EB3B8DE0063E72A /* ReminderTableViewCell.xib in Resources */ = {isa = PBXBuildFile; fileRef = CC11D11A1EB3B8DE0063E72A /* ReminderTableViewCell.xib */; };
		CC11D11F1EB51AB40063E72A /* Reminder.m in Sources */ = {isa = PBXBuildFile; fileRef = CC11D11E1EB51AB40063E72A /* Reminder.m */; };
		CC11D1291EB650150063E72A /* AddReminderTitleViewController.m in Sources */ = {isa = PBXBuildFile; fileRef = CC11D1271EB650150063E72A /* AddReminderTitleViewController.m */; };
		CC11D12A1EB650150063E72A /* AddReminderTitleViewController.xib in Resources */ = {isa = PBXBuildFile; fileRef = CC11D1281EB650150063E72A /* AddReminderTitleViewController.xib */; };
		CC11D12E1EB650320063E72A /* AddReminderFrequencyViewController.m in Sources */ = {isa = PBXBuildFile; fileRef = CC11D12C1EB650320063E72A /* AddReminderFrequencyViewController.m */; };
		CC11D12F1EB650320063E72A /* AddReminderFrequencyViewController.xib in Resources */ = {isa = PBXBuildFile; fileRef = CC11D12D1EB650320063E72A /* AddReminderFrequencyViewController.xib */; };
		CC11D1331EB6504E0063E72A /* AddReminderTimesViewController.m in Sources */ = {isa = PBXBuildFile; fileRef = CC11D1311EB6504E0063E72A /* AddReminderTimesViewController.m */; };
		CC11D1341EB6504E0063E72A /* AddReminderTimesViewController.xib in Resources */ = {isa = PBXBuildFile; fileRef = CC11D1321EB6504E0063E72A /* AddReminderTimesViewController.xib */; };
		CC11D1381EB6B7BC0063E72A /* NoResultsTableViewCell.m in Sources */ = {isa = PBXBuildFile; fileRef = CC11D1361EB6B7BC0063E72A /* NoResultsTableViewCell.m */; };
		CC11D1391EB6B7BC0063E72A /* NoResultsTableViewCell.xib in Resources */ = {isa = PBXBuildFile; fileRef = CC11D1371EB6B7BC0063E72A /* NoResultsTableViewCell.xib */; };
		CC11D13D1EB6B99E0063E72A /* EditReminderViewController.m in Sources */ = {isa = PBXBuildFile; fileRef = CC11D13B1EB6B99E0063E72A /* EditReminderViewController.m */; };
		CC11D13E1EB6B99E0063E72A /* EditReminderViewController.xib in Resources */ = {isa = PBXBuildFile; fileRef = CC11D13C1EB6B99E0063E72A /* EditReminderViewController.xib */; };
		CC11D1451EB6E7D00063E72A /* TimeTableViewCell.m in Sources */ = {isa = PBXBuildFile; fileRef = CC11D1431EB6E7D00063E72A /* TimeTableViewCell.m */; };
		CC11D1461EB6E7D00063E72A /* TimeTableViewCell.xib in Resources */ = {isa = PBXBuildFile; fileRef = CC11D1441EB6E7D00063E72A /* TimeTableViewCell.xib */; };
		CC38386E1E95FCF400001213 /* InformationalViewController.m in Sources */ = {isa = PBXBuildFile; fileRef = CC38386C1E95FCF400001213 /* InformationalViewController.m */; };
		CC38386F1E95FCF400001213 /* InformationalViewController.xib in Resources */ = {isa = PBXBuildFile; fileRef = CC38386D1E95FCF400001213 /* InformationalViewController.xib */; };
		CC3CB6481EA11EC800CA9429 /* LearnContentViewController.m in Sources */ = {isa = PBXBuildFile; fileRef = CC3CB6461EA11EC800CA9429 /* LearnContentViewController.m */; };
		CC3CB6491EA11EC800CA9429 /* LearnContentViewController.xib in Resources */ = {isa = PBXBuildFile; fileRef = CC3CB6471EA11EC800CA9429 /* LearnContentViewController.xib */; };
		CC3CB64D1EA11F9E00CA9429 /* LearnContent.m in Sources */ = {isa = PBXBuildFile; fileRef = CC3CB64C1EA11F9E00CA9429 /* LearnContent.m */; };
		CC4C10B11E7A26DE00515CDC /* main.m in Sources */ = {isa = PBXBuildFile; fileRef = CC4C10B01E7A26DE00515CDC /* main.m */; };
		CC4C10B41E7A26DE00515CDC /* AppDelegate.m in Sources */ = {isa = PBXBuildFile; fileRef = CC4C10B31E7A26DE00515CDC /* AppDelegate.m */; };
		CC4C10BA1E7A26DE00515CDC /* Main.storyboard in Resources */ = {isa = PBXBuildFile; fileRef = CC4C10B81E7A26DE00515CDC /* Main.storyboard */; };
		CC4C10BD1E7A26DE00515CDC /* H4TWStrokeHope.xcdatamodeld in Sources */ = {isa = PBXBuildFile; fileRef = CC4C10BB1E7A26DE00515CDC /* H4TWStrokeHope.xcdatamodeld */; };
		CC4C10BF1E7A26DE00515CDC /* Assets.xcassets in Resources */ = {isa = PBXBuildFile; fileRef = CC4C10BE1E7A26DE00515CDC /* Assets.xcassets */; };
		CC4C10C21E7A26DE00515CDC /* LaunchScreen.storyboard in Resources */ = {isa = PBXBuildFile; fileRef = CC4C10C01E7A26DE00515CDC /* LaunchScreen.storyboard */; };
		CC4C10CD1E7A26DE00515CDC /* H4TWStrokeHopeTests.m in Sources */ = {isa = PBXBuildFile; fileRef = CC4C10CC1E7A26DE00515CDC /* H4TWStrokeHopeTests.m */; };
		CC4C10D81E7A26DE00515CDC /* H4TWStrokeHopeUITests.m in Sources */ = {isa = PBXBuildFile; fileRef = CC4C10D71E7A26DE00515CDC /* H4TWStrokeHopeUITests.m */; };
		CC4C10E71E7A272C00515CDC /* Constants.m in Sources */ = {isa = PBXBuildFile; fileRef = CC4C10E61E7A272C00515CDC /* Constants.m */; };
		CC73E4271E841875001131AF /* EnterViewController.m in Sources */ = {isa = PBXBuildFile; fileRef = CC73E4261E841875001131AF /* EnterViewController.m */; };
		CC73E42B1E841CAC001131AF /* Patagonia.jpg in Resources */ = {isa = PBXBuildFile; fileRef = CC73E42A1E841CAC001131AF /* Patagonia.jpg */; };
		CC73E42F1E841EF4001131AF /* GraphicUtils.m in Sources */ = {isa = PBXBuildFile; fileRef = CC73E42E1E841EF4001131AF /* GraphicUtils.m */; };
		CC73E43E1E842370001131AF /* Lato-Black.ttf in Resources */ = {isa = PBXBuildFile; fileRef = CC73E4331E842370001131AF /* Lato-Black.ttf */; };
		CC73E43F1E842370001131AF /* Lato-BlackItalic.ttf in Resources */ = {isa = PBXBuildFile; fileRef = CC73E4341E842370001131AF /* Lato-BlackItalic.ttf */; };
		CC73E4401E842370001131AF /* Lato-Bold.ttf in Resources */ = {isa = PBXBuildFile; fileRef = CC73E4351E842370001131AF /* Lato-Bold.ttf */; };
		CC73E4411E842370001131AF /* Lato-BoldItalic.ttf in Resources */ = {isa = PBXBuildFile; fileRef = CC73E4361E842370001131AF /* Lato-BoldItalic.ttf */; };
		CC73E4421E842370001131AF /* Lato-Hairline.ttf in Resources */ = {isa = PBXBuildFile; fileRef = CC73E4371E842370001131AF /* Lato-Hairline.ttf */; };
		CC73E4431E842370001131AF /* Lato-HairlineItalic.ttf in Resources */ = {isa = PBXBuildFile; fileRef = CC73E4381E842370001131AF /* Lato-HairlineItalic.ttf */; };
		CC73E4441E842370001131AF /* Lato-Italic.ttf in Resources */ = {isa = PBXBuildFile; fileRef = CC73E4391E842370001131AF /* Lato-Italic.ttf */; };
		CC73E4461E842370001131AF /* Lato-LightItalic.ttf in Resources */ = {isa = PBXBuildFile; fileRef = CC73E43B1E842370001131AF /* Lato-LightItalic.ttf */; };
		CC73E4481E842370001131AF /* OFL.txt in Resources */ = {isa = PBXBuildFile; fileRef = CC73E43D1E842370001131AF /* OFL.txt */; };
		CC73E4511E86AB1C001131AF /* HomeViewController.m in Sources */ = {isa = PBXBuildFile; fileRef = CC73E44F1E86AB1C001131AF /* HomeViewController.m */; };
		CC73E4521E86AB1C001131AF /* HomeViewController.xib in Resources */ = {isa = PBXBuildFile; fileRef = CC73E4501E86AB1C001131AF /* HomeViewController.xib */; };
		CC73E4591E86BD65001131AF /* HomeButton.m in Sources */ = {isa = PBXBuildFile; fileRef = CC73E4581E86BD65001131AF /* HomeButton.m */; };
		CC9604931EA3DE110030D2C7 /* LearnContentTypeTableViewCell.m in Sources */ = {isa = PBXBuildFile; fileRef = CC9604911EA3DE110030D2C7 /* LearnContentTypeTableViewCell.m */; };
		CC9604941EA3DE110030D2C7 /* LearnContentTypeTableViewCell.xib in Resources */ = {isa = PBXBuildFile; fileRef = CC9604921EA3DE110030D2C7 /* LearnContentTypeTableViewCell.xib */; };
		CCAE42A81E7C2F33006F490E /* Utils.m in Sources */ = {isa = PBXBuildFile; fileRef = CCAE42A71E7C2F33006F490E /* Utils.m */; };
		CCB7B3F01E8FF7E90058C32E /* Lato-Light.ttf in Resources */ = {isa = PBXBuildFile; fileRef = CC73E43A1E842370001131AF /* Lato-Light.ttf */; };
		CCB7B3F11E8FF7ED0058C32E /* Lato-Regular.ttf in Resources */ = {isa = PBXBuildFile; fileRef = CC73E43C1E842370001131AF /* Lato-Regular.ttf */; };
		CCB7B3FD1E9412510058C32E /* HelpMeSpeakViewController.m in Sources */ = {isa = PBXBuildFile; fileRef = CCB7B3FB1E9412510058C32E /* HelpMeSpeakViewController.m */; };
		CCB7B3FE1E9412510058C32E /* HelpMeSpeakViewController.xib in Resources */ = {isa = PBXBuildFile; fileRef = CCB7B3FC1E9412510058C32E /* HelpMeSpeakViewController.xib */; };
		CCB7B4031E9413260058C32E /* ExercisesViewController.m in Sources */ = {isa = PBXBuildFile; fileRef = CCB7B4011E9413260058C32E /* ExercisesViewController.m */; };
		CCB7B4091E9413590058C32E /* LearnViewController.m in Sources */ = {isa = PBXBuildFile; fileRef = CCB7B4071E9413590058C32E /* LearnViewController.m */; };
		CCB7B40A1E9413590058C32E /* LearnViewController.xib in Resources */ = {isa = PBXBuildFile; fileRef = CCB7B4081E9413590058C32E /* LearnViewController.xib */; };
		CCB7B40F1E94136C0058C32E /* RemindersViewController.m in Sources */ = {isa = PBXBuildFile; fileRef = CCB7B40D1E94136C0058C32E /* RemindersViewController.m */; };
		CCB7B4101E94136C0058C32E /* RemindersViewController.xib in Resources */ = {isa = PBXBuildFile; fileRef = CCB7B40E1E94136C0058C32E /* RemindersViewController.xib */; };
		CCB7B4151E9413820058C32E /* GeneralInfoViewController.m in Sources */ = {isa = PBXBuildFile; fileRef = CCB7B4131E9413820058C32E /* GeneralInfoViewController.m */; };
		CCB7B4161E9413820058C32E /* GeneralInfoViewController.xib in Resources */ = {isa = PBXBuildFile; fileRef = CCB7B4141E9413820058C32E /* GeneralInfoViewController.xib */; };
		CCB7B41B1E94139A0058C32E /* SurveysViewController.m in Sources */ = {isa = PBXBuildFile; fileRef = CCB7B4191E94139A0058C32E /* SurveysViewController.m */; };
		CCB7B41C1E94139A0058C32E /* SurveysViewController.xib in Resources */ = {isa = PBXBuildFile; fileRef = CCB7B41A1E94139A0058C32E /* SurveysViewController.xib */; };
		CCEF72EB1E9AA1670045B692 /* HelpMeSpeakCollectionViewCell.m in Sources */ = {isa = PBXBuildFile; fileRef = CCEF72E91E9AA1670045B692 /* HelpMeSpeakCollectionViewCell.m */; };
		CCEF72EC1E9AA1670045B692 /* HelpMeSpeakCollectionViewCell.xib in Resources */ = {isa = PBXBuildFile; fileRef = CCEF72EA1E9AA1670045B692 /* HelpMeSpeakCollectionViewCell.xib */; };
/* End PBXBuildFile section */

/* Begin PBXContainerItemProxy section */
		CC4C10C91E7A26DE00515CDC /* PBXContainerItemProxy */ = {
			isa = PBXContainerItemProxy;
			containerPortal = CC4C10A41E7A26DE00515CDC /* Project object */;
			proxyType = 1;
			remoteGlobalIDString = CC4C10AB1E7A26DE00515CDC;
			remoteInfo = H4TWStrokeHope;
		};
		CC4C10D41E7A26DE00515CDC /* PBXContainerItemProxy */ = {
			isa = PBXContainerItemProxy;
			containerPortal = CC4C10A41E7A26DE00515CDC /* Project object */;
			proxyType = 1;
			remoteGlobalIDString = CC4C10AB1E7A26DE00515CDC;
			remoteInfo = H4TWStrokeHope;
		};
/* End PBXContainerItemProxy section */

/* Begin PBXFileReference section */
		1720A05B1EA9E78D009C2B87 /* AdductorsViewController.h */ = {isa = PBXFileReference; fileEncoding = 4; lastKnownFileType = sourcecode.c.h; path = AdductorsViewController.h; sourceTree = "<group>"; };
		1720A05C1EA9E78D009C2B87 /* AdductorsViewController.m */ = {isa = PBXFileReference; fileEncoding = 4; lastKnownFileType = sourcecode.c.objc; path = AdductorsViewController.m; sourceTree = "<group>"; };
		1720A05D1EA9E78D009C2B87 /* AdductorsViewController.xib */ = {isa = PBXFileReference; fileEncoding = 4; lastKnownFileType = file.xib; path = AdductorsViewController.xib; sourceTree = "<group>"; };
		1720A0601EA9E7A3009C2B87 /* HamstringsViewController.h */ = {isa = PBXFileReference; fileEncoding = 4; lastKnownFileType = sourcecode.c.h; name = HamstringsViewController.h; path = ../HamstringsViewController.h; sourceTree = "<group>"; };
		1720A0611EA9E7A3009C2B87 /* HamstringsViewController.m */ = {isa = PBXFileReference; fileEncoding = 4; lastKnownFileType = sourcecode.c.objc; name = HamstringsViewController.m; path = ../HamstringsViewController.m; sourceTree = "<group>"; };
		1720A0621EA9E7A3009C2B87 /* HamstringsViewController.xib */ = {isa = PBXFileReference; fileEncoding = 4; lastKnownFileType = file.xib; name = HamstringsViewController.xib; path = ../HamstringsViewController.xib; sourceTree = "<group>"; };
		1720A0651EA9E7DC009C2B87 /* DorsiflexorsViewController.h */ = {isa = PBXFileReference; fileEncoding = 4; lastKnownFileType = sourcecode.c.h; path = DorsiflexorsViewController.h; sourceTree = "<group>"; };
		1720A0661EA9E7DC009C2B87 /* DorsiflexorsViewController.m */ = {isa = PBXFileReference; fileEncoding = 4; lastKnownFileType = sourcecode.c.objc; path = DorsiflexorsViewController.m; sourceTree = "<group>"; };
		1720A0671EA9E7DC009C2B87 /* DorsiflexorsViewController.xib */ = {isa = PBXFileReference; fileEncoding = 4; lastKnownFileType = file.xib; path = DorsiflexorsViewController.xib; sourceTree = "<group>"; };
		1720A06B1EA9E82C009C2B87 /* HandStretchViewController.h */ = {isa = PBXFileReference; fileEncoding = 4; lastKnownFileType = sourcecode.c.h; path = HandStretchViewController.h; sourceTree = "<group>"; };
		1720A06C1EA9E82C009C2B87 /* HandStretchViewController.m */ = {isa = PBXFileReference; fileEncoding = 4; lastKnownFileType = sourcecode.c.objc; path = HandStretchViewController.m; sourceTree = "<group>"; };
		1720A06D1EA9E82C009C2B87 /* HandStretchViewController.xib */ = {isa = PBXFileReference; fileEncoding = 4; lastKnownFileType = file.xib; path = HandStretchViewController.xib; sourceTree = "<group>"; };
		1720A0701EA9E841009C2B87 /* ShoulderStretchViewController.h */ = {isa = PBXFileReference; fileEncoding = 4; lastKnownFileType = sourcecode.c.h; path = ShoulderStretchViewController.h; sourceTree = "<group>"; };
		1720A0711EA9E841009C2B87 /* ShoulderStretchViewController.m */ = {isa = PBXFileReference; fileEncoding = 4; lastKnownFileType = sourcecode.c.objc; path = ShoulderStretchViewController.m; sourceTree = "<group>"; };
		1720A0721EA9E841009C2B87 /* ShoulderStretchViewController.xib */ = {isa = PBXFileReference; fileEncoding = 4; lastKnownFileType = file.xib; path = ShoulderStretchViewController.xib; sourceTree = "<group>"; };
		1720A0751EA9E85D009C2B87 /* ArmStretchViewController.h */ = {isa = PBXFileReference; fileEncoding = 4; lastKnownFileType = sourcecode.c.h; path = ArmStretchViewController.h; sourceTree = "<group>"; };
		1720A0761EA9E85D009C2B87 /* ArmStretchViewController.m */ = {isa = PBXFileReference; fileEncoding = 4; lastKnownFileType = sourcecode.c.objc; path = ArmStretchViewController.m; sourceTree = "<group>"; };
		1720A0771EA9E85D009C2B87 /* ArmStretchViewController.xib */ = {isa = PBXFileReference; fileEncoding = 4; lastKnownFileType = file.xib; path = ArmStretchViewController.xib; sourceTree = "<group>"; };
		17593E6E1EA83B0300F37C74 /* 5BMaleDocWaving.m4v */ = {isa = PBXFileReference; lastKnownFileType = file; path = 5BMaleDocWaving.m4v; sourceTree = "<group>"; };
		17593E6F1EA83B0300F37C74 /* 5AFemaleDocWaving.m4v */ = {isa = PBXFileReference; lastKnownFileType = file; path = 5AFemaleDocWaving.m4v; sourceTree = "<group>"; };
		17593E701EA83B0300F37C74 /* 4CSitToStand.m4v */ = {isa = PBXFileReference; lastKnownFileType = file; path = 4CSitToStand.m4v; sourceTree = "<group>"; };
		17593E711EA83B0300F37C74 /* 4BArmAndTrunkStrengthening.m4v */ = {isa = PBXFileReference; lastKnownFileType = file; path = 4BArmAndTrunkStrengthening.m4v; sourceTree = "<group>"; };
		17593E721EA83B0300F37C74 /* 4ABridgeHipLift.m4v */ = {isa = PBXFileReference; lastKnownFileType = file; path = 4ABridgeHipLift.m4v; sourceTree = "<group>"; };
		17593E731EA83B0300F37C74 /* 3BLegControl2.m4v */ = {isa = PBXFileReference; lastKnownFileType = file; path = 3BLegControl2.m4v; sourceTree = "<group>"; };
		17593E741EA83B0300F37C74 /* 3ALegControl1.m4v */ = {isa = PBXFileReference; lastKnownFileType = file; path = 3ALegControl1.m4v; sourceTree = "<group>"; };
		17593E751EA83B0300F37C74 /* 2BShoulderFlexion.m4v */ = {isa = PBXFileReference; lastKnownFileType = file; path = 2BShoulderFlexion.m4v; sourceTree = "<group>"; };
		17593E761EA83B0300F37C74 /* 2AElbowFlexion.m4v */ = {isa = PBXFileReference; lastKnownFileType = file; path = 2AElbowFlexion.m4v; sourceTree = "<group>"; };
		17593E771EA83B0300F37C74 /* 1CHipFlexion.m4v */ = {isa = PBXFileReference; lastKnownFileType = file; path = 1CHipFlexion.m4v; sourceTree = "<group>"; };
		17593E781EA83B0300F37C74 /* 1BKneeFlexion.m4v */ = {isa = PBXFileReference; lastKnownFileType = file; path = 1BKneeFlexion.m4v; sourceTree = "<group>"; };
		179726B21EB3109A0053378E /* WebViewController.h */ = {isa = PBXFileReference; fileEncoding = 4; lastKnownFileType = sourcecode.c.h; path = WebViewController.h; sourceTree = "<group>"; };
		179726B31EB3109B0053378E /* WebViewController.m */ = {isa = PBXFileReference; fileEncoding = 4; lastKnownFileType = sourcecode.c.objc; path = WebViewController.m; sourceTree = "<group>"; };
		179726B41EB3109B0053378E /* WebViewController.xib */ = {isa = PBXFileReference; fileEncoding = 4; lastKnownFileType = file.xib; path = WebViewController.xib; sourceTree = "<group>"; };
		17DE3D471EA95F2300D350A1 /* LegAndFeetViewController.h */ = {isa = PBXFileReference; fileEncoding = 4; lastKnownFileType = sourcecode.c.h; path = LegAndFeetViewController.h; sourceTree = "<group>"; };
		17DE3D481EA95F2300D350A1 /* LegAndFeetViewController.m */ = {isa = PBXFileReference; fileEncoding = 4; lastKnownFileType = sourcecode.c.objc; path = LegAndFeetViewController.m; sourceTree = "<group>"; };
		17DE3D491EA95F2300D350A1 /* LegAndFeetViewController.xib */ = {isa = PBXFileReference; fileEncoding = 4; lastKnownFileType = file.xib; path = LegAndFeetViewController.xib; sourceTree = "<group>"; };
		17DE3D4C1EA9604900D350A1 /* ArmsAndHandsViewController.h */ = {isa = PBXFileReference; fileEncoding = 4; lastKnownFileType = sourcecode.c.h; path = ArmsAndHandsViewController.h; sourceTree = "<group>"; };
		17DE3D4D1EA9604900D350A1 /* ArmsAndHandsViewController.m */ = {isa = PBXFileReference; fileEncoding = 4; lastKnownFileType = sourcecode.c.objc; path = ArmsAndHandsViewController.m; sourceTree = "<group>"; };
		17DE3D4E1EA9604900D350A1 /* ArmsAndHandsViewController.xib */ = {isa = PBXFileReference; fileEncoding = 4; lastKnownFileType = file.xib; path = ArmsAndHandsViewController.xib; sourceTree = "<group>"; };
		17E0BB181EA40F5A001FC7F3 /* LegsViewController.h */ = {isa = PBXFileReference; fileEncoding = 4; lastKnownFileType = sourcecode.c.h; path = LegsViewController.h; sourceTree = "<group>"; };
		17E0BB191EA40F5A001FC7F3 /* LegsViewController.m */ = {isa = PBXFileReference; fileEncoding = 4; lastKnownFileType = sourcecode.c.objc; path = LegsViewController.m; sourceTree = "<group>"; };
		17E0BB1A1EA40F5A001FC7F3 /* LegsViewController.xib */ = {isa = PBXFileReference; fileEncoding = 4; lastKnownFileType = file.xib; path = LegsViewController.xib; sourceTree = "<group>"; };
		17E0BB1D1EA40F70001FC7F3 /* ArmsViewController.h */ = {isa = PBXFileReference; fileEncoding = 4; lastKnownFileType = sourcecode.c.h; path = ArmsViewController.h; sourceTree = "<group>"; };
		17E0BB1E1EA40F70001FC7F3 /* ArmsViewController.m */ = {isa = PBXFileReference; fileEncoding = 4; lastKnownFileType = sourcecode.c.objc; path = ArmsViewController.m; sourceTree = "<group>"; };
		17E0BB1F1EA40F70001FC7F3 /* ArmsViewController.xib */ = {isa = PBXFileReference; fileEncoding = 4; lastKnownFileType = file.xib; path = ArmsViewController.xib; sourceTree = "<group>"; };
		17E0BB221EA40F9A001FC7F3 /* MindExercisesViewController.h */ = {isa = PBXFileReference; fileEncoding = 4; lastKnownFileType = sourcecode.c.h; path = MindExercisesViewController.h; sourceTree = "<group>"; };
		17E0BB231EA40F9A001FC7F3 /* MindExercisesViewController.m */ = {isa = PBXFileReference; fileEncoding = 4; lastKnownFileType = sourcecode.c.objc; path = MindExercisesViewController.m; sourceTree = "<group>"; };
		17E0BB241EA40F9A001FC7F3 /* MindExercisesViewController.xib */ = {isa = PBXFileReference; fileEncoding = 4; lastKnownFileType = file.xib; path = MindExercisesViewController.xib; sourceTree = "<group>"; };
		17E0BB281EA41043001FC7F3 /* 1AToeFlexion.m4v */ = {isa = PBXFileReference; lastKnownFileType = file; path = 1AToeFlexion.m4v; sourceTree = "<group>"; };
		17E0BB2A1EA41069001FC7F3 /* VideoViewController.h */ = {isa = PBXFileReference; fileEncoding = 4; lastKnownFileType = sourcecode.c.h; path = VideoViewController.h; sourceTree = "<group>"; };
		17E0BB2B1EA41069001FC7F3 /* VideoViewController.m */ = {isa = PBXFileReference; fileEncoding = 4; lastKnownFileType = sourcecode.c.objc; path = VideoViewController.m; sourceTree = "<group>"; };
		17E0BB2C1EA41069001FC7F3 /* VideoViewController.xib */ = {isa = PBXFileReference; fileEncoding = 4; lastKnownFileType = file.xib; path = VideoViewController.xib; sourceTree = "<group>"; };
		17E0BB2F1EA41129001FC7F3 /* StrengtheningViewController.h */ = {isa = PBXFileReference; fileEncoding = 4; lastKnownFileType = sourcecode.c.h; path = StrengtheningViewController.h; sourceTree = "<group>"; };
		17E0BB301EA41129001FC7F3 /* StrengtheningViewController.m */ = {isa = PBXFileReference; fileEncoding = 4; lastKnownFileType = sourcecode.c.objc; path = StrengtheningViewController.m; sourceTree = "<group>"; };
		17E0BB341EA41201001FC7F3 /* StrengtheningViewController.xib */ = {isa = PBXFileReference; fileEncoding = 4; lastKnownFileType = file.xib; path = StrengtheningViewController.xib; sourceTree = "<group>"; };
		17E0BB361EA4125E001FC7F3 /* CoordinationViewController.h */ = {isa = PBXFileReference; fileEncoding = 4; lastKnownFileType = sourcecode.c.h; path = CoordinationViewController.h; sourceTree = "<group>"; };
		17E0BB371EA4125E001FC7F3 /* CoordinationViewController.m */ = {isa = PBXFileReference; fileEncoding = 4; lastKnownFileType = sourcecode.c.objc; path = CoordinationViewController.m; sourceTree = "<group>"; };
		17E0BB381EA4125E001FC7F3 /* CoordinationViewController.xib */ = {isa = PBXFileReference; fileEncoding = 4; lastKnownFileType = file.xib; path = CoordinationViewController.xib; sourceTree = "<group>"; };
		17E0BB3B1EA4127D001FC7F3 /* StretchingViewController.h */ = {isa = PBXFileReference; fileEncoding = 4; lastKnownFileType = sourcecode.c.h; path = StretchingViewController.h; sourceTree = "<group>"; };
		17E0BB3C1EA4127D001FC7F3 /* StretchingViewController.m */ = {isa = PBXFileReference; fileEncoding = 4; lastKnownFileType = sourcecode.c.objc; path = StretchingViewController.m; sourceTree = "<group>"; };
		17E0BB3D1EA4127D001FC7F3 /* StretchingViewController.xib */ = {isa = PBXFileReference; fileEncoding = 4; lastKnownFileType = file.xib; path = StretchingViewController.xib; sourceTree = "<group>"; };
		17E0BB401EA41370001FC7F3 /* FunctionalMobilityViewController.h */ = {isa = PBXFileReference; fileEncoding = 4; lastKnownFileType = sourcecode.c.h; path = FunctionalMobilityViewController.h; sourceTree = "<group>"; };
		17E0BB411EA41370001FC7F3 /* FunctionalMobilityViewController.m */ = {isa = PBXFileReference; fileEncoding = 4; lastKnownFileType = sourcecode.c.objc; path = FunctionalMobilityViewController.m; sourceTree = "<group>"; };
		17E0BB421EA41370001FC7F3 /* FunctionalMobilityViewController.xib */ = {isa = PBXFileReference; fileEncoding = 4; lastKnownFileType = file.xib; path = FunctionalMobilityViewController.xib; sourceTree = "<group>"; };
		17E0BB451EA4139E001FC7F3 /* ExercisesViewController.xib */ = {isa = PBXFileReference; fileEncoding = 4; lastKnownFileType = file.xib; path = ExercisesViewController.xib; sourceTree = "<group>"; };
		CC11D1181EB3B8DE0063E72A /* ReminderTableViewCell.h */ = {isa = PBXFileReference; fileEncoding = 4; lastKnownFileType = sourcecode.c.h; path = ReminderTableViewCell.h; sourceTree = "<group>"; };
		CC11D1191EB3B8DE0063E72A /* ReminderTableViewCell.m */ = {isa = PBXFileReference; fileEncoding = 4; lastKnownFileType = sourcecode.c.objc; path = ReminderTableViewCell.m; sourceTree = "<group>"; };
		CC11D11A1EB3B8DE0063E72A /* ReminderTableViewCell.xib */ = {isa = PBXFileReference; fileEncoding = 4; lastKnownFileType = file.xib; path = ReminderTableViewCell.xib; sourceTree = "<group>"; };
		CC11D11D1EB51AB40063E72A /* Reminder.h */ = {isa = PBXFileReference; fileEncoding = 4; lastKnownFileType = sourcecode.c.h; path = Reminder.h; sourceTree = "<group>"; };
		CC11D11E1EB51AB40063E72A /* Reminder.m */ = {isa = PBXFileReference; fileEncoding = 4; lastKnownFileType = sourcecode.c.objc; path = Reminder.m; sourceTree = "<group>"; };
		CC11D1261EB650150063E72A /* AddReminderTitleViewController.h */ = {isa = PBXFileReference; fileEncoding = 4; lastKnownFileType = sourcecode.c.h; path = AddReminderTitleViewController.h; sourceTree = "<group>"; };
		CC11D1271EB650150063E72A /* AddReminderTitleViewController.m */ = {isa = PBXFileReference; fileEncoding = 4; lastKnownFileType = sourcecode.c.objc; path = AddReminderTitleViewController.m; sourceTree = "<group>"; };
		CC11D1281EB650150063E72A /* AddReminderTitleViewController.xib */ = {isa = PBXFileReference; fileEncoding = 4; lastKnownFileType = file.xib; path = AddReminderTitleViewController.xib; sourceTree = "<group>"; };
		CC11D12B1EB650320063E72A /* AddReminderFrequencyViewController.h */ = {isa = PBXFileReference; fileEncoding = 4; lastKnownFileType = sourcecode.c.h; path = AddReminderFrequencyViewController.h; sourceTree = "<group>"; };
		CC11D12C1EB650320063E72A /* AddReminderFrequencyViewController.m */ = {isa = PBXFileReference; fileEncoding = 4; lastKnownFileType = sourcecode.c.objc; path = AddReminderFrequencyViewController.m; sourceTree = "<group>"; };
		CC11D12D1EB650320063E72A /* AddReminderFrequencyViewController.xib */ = {isa = PBXFileReference; fileEncoding = 4; lastKnownFileType = file.xib; path = AddReminderFrequencyViewController.xib; sourceTree = "<group>"; };
		CC11D1301EB6504E0063E72A /* AddReminderTimesViewController.h */ = {isa = PBXFileReference; fileEncoding = 4; lastKnownFileType = sourcecode.c.h; path = AddReminderTimesViewController.h; sourceTree = "<group>"; };
		CC11D1311EB6504E0063E72A /* AddReminderTimesViewController.m */ = {isa = PBXFileReference; fileEncoding = 4; lastKnownFileType = sourcecode.c.objc; path = AddReminderTimesViewController.m; sourceTree = "<group>"; };
		CC11D1321EB6504E0063E72A /* AddReminderTimesViewController.xib */ = {isa = PBXFileReference; fileEncoding = 4; lastKnownFileType = file.xib; path = AddReminderTimesViewController.xib; sourceTree = "<group>"; };
		CC11D1351EB6B7BC0063E72A /* NoResultsTableViewCell.h */ = {isa = PBXFileReference; fileEncoding = 4; lastKnownFileType = sourcecode.c.h; path = NoResultsTableViewCell.h; sourceTree = "<group>"; };
		CC11D1361EB6B7BC0063E72A /* NoResultsTableViewCell.m */ = {isa = PBXFileReference; fileEncoding = 4; lastKnownFileType = sourcecode.c.objc; path = NoResultsTableViewCell.m; sourceTree = "<group>"; };
		CC11D1371EB6B7BC0063E72A /* NoResultsTableViewCell.xib */ = {isa = PBXFileReference; fileEncoding = 4; lastKnownFileType = file.xib; path = NoResultsTableViewCell.xib; sourceTree = "<group>"; };
		CC11D13A1EB6B99E0063E72A /* EditReminderViewController.h */ = {isa = PBXFileReference; fileEncoding = 4; lastKnownFileType = sourcecode.c.h; path = EditReminderViewController.h; sourceTree = "<group>"; };
		CC11D13B1EB6B99E0063E72A /* EditReminderViewController.m */ = {isa = PBXFileReference; fileEncoding = 4; lastKnownFileType = sourcecode.c.objc; path = EditReminderViewController.m; sourceTree = "<group>"; };
		CC11D13C1EB6B99E0063E72A /* EditReminderViewController.xib */ = {isa = PBXFileReference; fileEncoding = 4; lastKnownFileType = file.xib; path = EditReminderViewController.xib; sourceTree = "<group>"; };
		CC11D1421EB6E7D00063E72A /* TimeTableViewCell.h */ = {isa = PBXFileReference; fileEncoding = 4; lastKnownFileType = sourcecode.c.h; path = TimeTableViewCell.h; sourceTree = "<group>"; };
		CC11D1431EB6E7D00063E72A /* TimeTableViewCell.m */ = {isa = PBXFileReference; fileEncoding = 4; lastKnownFileType = sourcecode.c.objc; path = TimeTableViewCell.m; sourceTree = "<group>"; };
		CC11D1441EB6E7D00063E72A /* TimeTableViewCell.xib */ = {isa = PBXFileReference; fileEncoding = 4; lastKnownFileType = file.xib; path = TimeTableViewCell.xib; sourceTree = "<group>"; };
		CC38386B1E95FCF400001213 /* InformationalViewController.h */ = {isa = PBXFileReference; fileEncoding = 4; lastKnownFileType = sourcecode.c.h; path = InformationalViewController.h; sourceTree = "<group>"; };
		CC38386C1E95FCF400001213 /* InformationalViewController.m */ = {isa = PBXFileReference; fileEncoding = 4; lastKnownFileType = sourcecode.c.objc; path = InformationalViewController.m; sourceTree = "<group>"; };
		CC38386D1E95FCF400001213 /* InformationalViewController.xib */ = {isa = PBXFileReference; fileEncoding = 4; lastKnownFileType = file.xib; path = InformationalViewController.xib; sourceTree = "<group>"; };
		CC3CB6451EA11EC800CA9429 /* LearnContentViewController.h */ = {isa = PBXFileReference; fileEncoding = 4; lastKnownFileType = sourcecode.c.h; path = LearnContentViewController.h; sourceTree = "<group>"; };
		CC3CB6461EA11EC800CA9429 /* LearnContentViewController.m */ = {isa = PBXFileReference; fileEncoding = 4; lastKnownFileType = sourcecode.c.objc; path = LearnContentViewController.m; sourceTree = "<group>"; };
		CC3CB6471EA11EC800CA9429 /* LearnContentViewController.xib */ = {isa = PBXFileReference; fileEncoding = 4; lastKnownFileType = file.xib; path = LearnContentViewController.xib; sourceTree = "<group>"; };
		CC3CB64B1EA11F9E00CA9429 /* LearnContent.h */ = {isa = PBXFileReference; fileEncoding = 4; lastKnownFileType = sourcecode.c.h; path = LearnContent.h; sourceTree = "<group>"; };
		CC3CB64C1EA11F9E00CA9429 /* LearnContent.m */ = {isa = PBXFileReference; fileEncoding = 4; lastKnownFileType = sourcecode.c.objc; path = LearnContent.m; sourceTree = "<group>"; };
		CC4C10AC1E7A26DE00515CDC /* H4TWStrokeHope.app */ = {isa = PBXFileReference; explicitFileType = wrapper.application; includeInIndex = 0; path = H4TWStrokeHope.app; sourceTree = BUILT_PRODUCTS_DIR; };
		CC4C10B01E7A26DE00515CDC /* main.m */ = {isa = PBXFileReference; lastKnownFileType = sourcecode.c.objc; path = main.m; sourceTree = "<group>"; };
		CC4C10B21E7A26DE00515CDC /* AppDelegate.h */ = {isa = PBXFileReference; lastKnownFileType = sourcecode.c.h; path = AppDelegate.h; sourceTree = "<group>"; };
		CC4C10B31E7A26DE00515CDC /* AppDelegate.m */ = {isa = PBXFileReference; lastKnownFileType = sourcecode.c.objc; path = AppDelegate.m; sourceTree = "<group>"; };
		CC4C10B91E7A26DE00515CDC /* Base */ = {isa = PBXFileReference; lastKnownFileType = file.storyboard; name = Base; path = Base.lproj/Main.storyboard; sourceTree = "<group>"; };
		CC4C10BC1E7A26DE00515CDC /* H4TWStrokeHope.xcdatamodel */ = {isa = PBXFileReference; lastKnownFileType = wrapper.xcdatamodel; path = H4TWStrokeHope.xcdatamodel; sourceTree = "<group>"; };
		CC4C10BE1E7A26DE00515CDC /* Assets.xcassets */ = {isa = PBXFileReference; lastKnownFileType = folder.assetcatalog; path = Assets.xcassets; sourceTree = "<group>"; };
		CC4C10C11E7A26DE00515CDC /* Base */ = {isa = PBXFileReference; lastKnownFileType = file.storyboard; name = Base; path = Base.lproj/LaunchScreen.storyboard; sourceTree = "<group>"; };
		CC4C10C31E7A26DE00515CDC /* Info.plist */ = {isa = PBXFileReference; lastKnownFileType = text.plist.xml; path = Info.plist; sourceTree = "<group>"; };
		CC4C10C81E7A26DE00515CDC /* H4TWStrokeHopeTests.xctest */ = {isa = PBXFileReference; explicitFileType = wrapper.cfbundle; includeInIndex = 0; path = H4TWStrokeHopeTests.xctest; sourceTree = BUILT_PRODUCTS_DIR; };
		CC4C10CC1E7A26DE00515CDC /* H4TWStrokeHopeTests.m */ = {isa = PBXFileReference; lastKnownFileType = sourcecode.c.objc; path = H4TWStrokeHopeTests.m; sourceTree = "<group>"; };
		CC4C10CE1E7A26DE00515CDC /* Info.plist */ = {isa = PBXFileReference; lastKnownFileType = text.plist.xml; path = Info.plist; sourceTree = "<group>"; };
		CC4C10D31E7A26DE00515CDC /* H4TWStrokeHopeUITests.xctest */ = {isa = PBXFileReference; explicitFileType = wrapper.cfbundle; includeInIndex = 0; path = H4TWStrokeHopeUITests.xctest; sourceTree = BUILT_PRODUCTS_DIR; };
		CC4C10D71E7A26DE00515CDC /* H4TWStrokeHopeUITests.m */ = {isa = PBXFileReference; lastKnownFileType = sourcecode.c.objc; path = H4TWStrokeHopeUITests.m; sourceTree = "<group>"; };
		CC4C10D91E7A26DE00515CDC /* Info.plist */ = {isa = PBXFileReference; lastKnownFileType = text.plist.xml; path = Info.plist; sourceTree = "<group>"; };
		CC4C10E51E7A272C00515CDC /* Constants.h */ = {isa = PBXFileReference; fileEncoding = 4; lastKnownFileType = sourcecode.c.h; path = Constants.h; sourceTree = "<group>"; };
		CC4C10E61E7A272C00515CDC /* Constants.m */ = {isa = PBXFileReference; fileEncoding = 4; lastKnownFileType = sourcecode.c.objc; path = Constants.m; sourceTree = "<group>"; };
		CC73E4251E841875001131AF /* EnterViewController.h */ = {isa = PBXFileReference; fileEncoding = 4; lastKnownFileType = sourcecode.c.h; path = EnterViewController.h; sourceTree = "<group>"; };
		CC73E4261E841875001131AF /* EnterViewController.m */ = {isa = PBXFileReference; fileEncoding = 4; lastKnownFileType = sourcecode.c.objc; path = EnterViewController.m; sourceTree = "<group>"; };
		CC73E42A1E841CAC001131AF /* Patagonia.jpg */ = {isa = PBXFileReference; lastKnownFileType = image.jpeg; path = Patagonia.jpg; sourceTree = "<group>"; };
		CC73E42D1E841EF4001131AF /* GraphicUtils.h */ = {isa = PBXFileReference; fileEncoding = 4; lastKnownFileType = sourcecode.c.h; path = GraphicUtils.h; sourceTree = "<group>"; };
		CC73E42E1E841EF4001131AF /* GraphicUtils.m */ = {isa = PBXFileReference; fileEncoding = 4; lastKnownFileType = sourcecode.c.objc; path = GraphicUtils.m; sourceTree = "<group>"; };
		CC73E4331E842370001131AF /* Lato-Black.ttf */ = {isa = PBXFileReference; lastKnownFileType = file; path = "Lato-Black.ttf"; sourceTree = "<group>"; };
		CC73E4341E842370001131AF /* Lato-BlackItalic.ttf */ = {isa = PBXFileReference; lastKnownFileType = file; path = "Lato-BlackItalic.ttf"; sourceTree = "<group>"; };
		CC73E4351E842370001131AF /* Lato-Bold.ttf */ = {isa = PBXFileReference; lastKnownFileType = file; path = "Lato-Bold.ttf"; sourceTree = "<group>"; };
		CC73E4361E842370001131AF /* Lato-BoldItalic.ttf */ = {isa = PBXFileReference; lastKnownFileType = file; path = "Lato-BoldItalic.ttf"; sourceTree = "<group>"; };
		CC73E4371E842370001131AF /* Lato-Hairline.ttf */ = {isa = PBXFileReference; lastKnownFileType = file; path = "Lato-Hairline.ttf"; sourceTree = "<group>"; };
		CC73E4381E842370001131AF /* Lato-HairlineItalic.ttf */ = {isa = PBXFileReference; lastKnownFileType = file; path = "Lato-HairlineItalic.ttf"; sourceTree = "<group>"; };
		CC73E4391E842370001131AF /* Lato-Italic.ttf */ = {isa = PBXFileReference; lastKnownFileType = file; path = "Lato-Italic.ttf"; sourceTree = "<group>"; };
		CC73E43A1E842370001131AF /* Lato-Light.ttf */ = {isa = PBXFileReference; lastKnownFileType = file; path = "Lato-Light.ttf"; sourceTree = "<group>"; };
		CC73E43B1E842370001131AF /* Lato-LightItalic.ttf */ = {isa = PBXFileReference; lastKnownFileType = file; path = "Lato-LightItalic.ttf"; sourceTree = "<group>"; };
		CC73E43C1E842370001131AF /* Lato-Regular.ttf */ = {isa = PBXFileReference; lastKnownFileType = file; path = "Lato-Regular.ttf"; sourceTree = "<group>"; };
		CC73E43D1E842370001131AF /* OFL.txt */ = {isa = PBXFileReference; fileEncoding = 4; lastKnownFileType = text; path = OFL.txt; sourceTree = "<group>"; };
		CC73E44E1E86AB1C001131AF /* HomeViewController.h */ = {isa = PBXFileReference; fileEncoding = 4; lastKnownFileType = sourcecode.c.h; name = HomeViewController.h; path = ../HomeViewController.h; sourceTree = "<group>"; };
		CC73E44F1E86AB1C001131AF /* HomeViewController.m */ = {isa = PBXFileReference; fileEncoding = 4; lastKnownFileType = sourcecode.c.objc; name = HomeViewController.m; path = ../HomeViewController.m; sourceTree = "<group>"; };
		CC73E4501E86AB1C001131AF /* HomeViewController.xib */ = {isa = PBXFileReference; fileEncoding = 4; lastKnownFileType = file.xib; name = HomeViewController.xib; path = ../HomeViewController.xib; sourceTree = "<group>"; };
		CC73E4571E86BD65001131AF /* HomeButton.h */ = {isa = PBXFileReference; fileEncoding = 4; lastKnownFileType = sourcecode.c.h; path = HomeButton.h; sourceTree = "<group>"; };
		CC73E4581E86BD65001131AF /* HomeButton.m */ = {isa = PBXFileReference; fileEncoding = 4; lastKnownFileType = sourcecode.c.objc; path = HomeButton.m; sourceTree = "<group>"; };
		CC9604901EA3DE110030D2C7 /* LearnContentTypeTableViewCell.h */ = {isa = PBXFileReference; fileEncoding = 4; lastKnownFileType = sourcecode.c.h; path = LearnContentTypeTableViewCell.h; sourceTree = "<group>"; };
		CC9604911EA3DE110030D2C7 /* LearnContentTypeTableViewCell.m */ = {isa = PBXFileReference; fileEncoding = 4; lastKnownFileType = sourcecode.c.objc; path = LearnContentTypeTableViewCell.m; sourceTree = "<group>"; };
		CC9604921EA3DE110030D2C7 /* LearnContentTypeTableViewCell.xib */ = {isa = PBXFileReference; fileEncoding = 4; lastKnownFileType = file.xib; path = LearnContentTypeTableViewCell.xib; sourceTree = "<group>"; };
		CCAE42A61E7C2F33006F490E /* Utils.h */ = {isa = PBXFileReference; fileEncoding = 4; lastKnownFileType = sourcecode.c.h; name = Utils.h; path = ../Utils.h; sourceTree = "<group>"; };
		CCAE42A71E7C2F33006F490E /* Utils.m */ = {isa = PBXFileReference; fileEncoding = 4; lastKnownFileType = sourcecode.c.objc; name = Utils.m; path = ../Utils.m; sourceTree = "<group>"; };
		CCB7B3FA1E9412510058C32E /* HelpMeSpeakViewController.h */ = {isa = PBXFileReference; fileEncoding = 4; lastKnownFileType = sourcecode.c.h; path = HelpMeSpeakViewController.h; sourceTree = "<group>"; };
		CCB7B3FB1E9412510058C32E /* HelpMeSpeakViewController.m */ = {isa = PBXFileReference; fileEncoding = 4; lastKnownFileType = sourcecode.c.objc; path = HelpMeSpeakViewController.m; sourceTree = "<group>"; };
		CCB7B3FC1E9412510058C32E /* HelpMeSpeakViewController.xib */ = {isa = PBXFileReference; fileEncoding = 4; lastKnownFileType = file.xib; path = HelpMeSpeakViewController.xib; sourceTree = "<group>"; };
		CCB7B4001E9413260058C32E /* ExercisesViewController.h */ = {isa = PBXFileReference; fileEncoding = 4; lastKnownFileType = sourcecode.c.h; path = ExercisesViewController.h; sourceTree = "<group>"; };
		CCB7B4011E9413260058C32E /* ExercisesViewController.m */ = {isa = PBXFileReference; fileEncoding = 4; lastKnownFileType = sourcecode.c.objc; path = ExercisesViewController.m; sourceTree = "<group>"; };
		CCB7B4061E9413590058C32E /* LearnViewController.h */ = {isa = PBXFileReference; fileEncoding = 4; lastKnownFileType = sourcecode.c.h; path = LearnViewController.h; sourceTree = "<group>"; };
		CCB7B4071E9413590058C32E /* LearnViewController.m */ = {isa = PBXFileReference; fileEncoding = 4; lastKnownFileType = sourcecode.c.objc; path = LearnViewController.m; sourceTree = "<group>"; };
		CCB7B4081E9413590058C32E /* LearnViewController.xib */ = {isa = PBXFileReference; fileEncoding = 4; lastKnownFileType = file.xib; path = LearnViewController.xib; sourceTree = "<group>"; };
		CCB7B40C1E94136C0058C32E /* RemindersViewController.h */ = {isa = PBXFileReference; fileEncoding = 4; lastKnownFileType = sourcecode.c.h; path = RemindersViewController.h; sourceTree = "<group>"; };
		CCB7B40D1E94136C0058C32E /* RemindersViewController.m */ = {isa = PBXFileReference; fileEncoding = 4; lastKnownFileType = sourcecode.c.objc; path = RemindersViewController.m; sourceTree = "<group>"; };
		CCB7B40E1E94136C0058C32E /* RemindersViewController.xib */ = {isa = PBXFileReference; fileEncoding = 4; lastKnownFileType = file.xib; path = RemindersViewController.xib; sourceTree = "<group>"; };
		CCB7B4121E9413820058C32E /* GeneralInfoViewController.h */ = {isa = PBXFileReference; fileEncoding = 4; lastKnownFileType = sourcecode.c.h; path = GeneralInfoViewController.h; sourceTree = "<group>"; };
		CCB7B4131E9413820058C32E /* GeneralInfoViewController.m */ = {isa = PBXFileReference; fileEncoding = 4; lastKnownFileType = sourcecode.c.objc; path = GeneralInfoViewController.m; sourceTree = "<group>"; };
		CCB7B4141E9413820058C32E /* GeneralInfoViewController.xib */ = {isa = PBXFileReference; fileEncoding = 4; lastKnownFileType = file.xib; path = GeneralInfoViewController.xib; sourceTree = "<group>"; };
		CCB7B4181E94139A0058C32E /* SurveysViewController.h */ = {isa = PBXFileReference; fileEncoding = 4; lastKnownFileType = sourcecode.c.h; path = SurveysViewController.h; sourceTree = "<group>"; };
		CCB7B4191E94139A0058C32E /* SurveysViewController.m */ = {isa = PBXFileReference; fileEncoding = 4; lastKnownFileType = sourcecode.c.objc; path = SurveysViewController.m; sourceTree = "<group>"; };
		CCB7B41A1E94139A0058C32E /* SurveysViewController.xib */ = {isa = PBXFileReference; fileEncoding = 4; lastKnownFileType = file.xib; path = SurveysViewController.xib; sourceTree = "<group>"; };
		CCEF72E81E9AA1670045B692 /* HelpMeSpeakCollectionViewCell.h */ = {isa = PBXFileReference; fileEncoding = 4; lastKnownFileType = sourcecode.c.h; path = HelpMeSpeakCollectionViewCell.h; sourceTree = "<group>"; };
		CCEF72E91E9AA1670045B692 /* HelpMeSpeakCollectionViewCell.m */ = {isa = PBXFileReference; fileEncoding = 4; lastKnownFileType = sourcecode.c.objc; path = HelpMeSpeakCollectionViewCell.m; sourceTree = "<group>"; };
		CCEF72EA1E9AA1670045B692 /* HelpMeSpeakCollectionViewCell.xib */ = {isa = PBXFileReference; fileEncoding = 4; lastKnownFileType = file.xib; path = HelpMeSpeakCollectionViewCell.xib; sourceTree = "<group>"; };
/* End PBXFileReference section */

/* Begin PBXFrameworksBuildPhase section */
		CC4C10A91E7A26DE00515CDC /* Frameworks */ = {
			isa = PBXFrameworksBuildPhase;
			buildActionMask = 2147483647;
			files = (
			);
			runOnlyForDeploymentPostprocessing = 0;
		};
		CC4C10C51E7A26DE00515CDC /* Frameworks */ = {
			isa = PBXFrameworksBuildPhase;
			buildActionMask = 2147483647;
			files = (
			);
			runOnlyForDeploymentPostprocessing = 0;
		};
		CC4C10D01E7A26DE00515CDC /* Frameworks */ = {
			isa = PBXFrameworksBuildPhase;
			buildActionMask = 2147483647;
			files = (
			);
			runOnlyForDeploymentPostprocessing = 0;
		};
/* End PBXFrameworksBuildPhase section */

/* Begin PBXGroup section */
		1720A06A1EA9E7EF009C2B87 /* LegAndFeet */ = {
			isa = PBXGroup;
			children = (
				1720A05B1EA9E78D009C2B87 /* AdductorsViewController.h */,
				1720A05C1EA9E78D009C2B87 /* AdductorsViewController.m */,
				1720A05D1EA9E78D009C2B87 /* AdductorsViewController.xib */,
				1720A0601EA9E7A3009C2B87 /* HamstringsViewController.h */,
				1720A0611EA9E7A3009C2B87 /* HamstringsViewController.m */,
				1720A0621EA9E7A3009C2B87 /* HamstringsViewController.xib */,
				1720A0651EA9E7DC009C2B87 /* DorsiflexorsViewController.h */,
				1720A0661EA9E7DC009C2B87 /* DorsiflexorsViewController.m */,
				1720A0671EA9E7DC009C2B87 /* DorsiflexorsViewController.xib */,
			);
			name = LegAndFeet;
			sourceTree = "<group>";
		};
		1720A07A1EA9E867009C2B87 /* ArmsAndHands */ = {
			isa = PBXGroup;
			children = (
				1720A06B1EA9E82C009C2B87 /* HandStretchViewController.h */,
				1720A06C1EA9E82C009C2B87 /* HandStretchViewController.m */,
				1720A06D1EA9E82C009C2B87 /* HandStretchViewController.xib */,
				1720A0701EA9E841009C2B87 /* ShoulderStretchViewController.h */,
				1720A0711EA9E841009C2B87 /* ShoulderStretchViewController.m */,
				1720A0721EA9E841009C2B87 /* ShoulderStretchViewController.xib */,
				1720A0751EA9E85D009C2B87 /* ArmStretchViewController.h */,
				1720A0761EA9E85D009C2B87 /* ArmStretchViewController.m */,
				1720A0771EA9E85D009C2B87 /* ArmStretchViewController.xib */,
			);
			name = ArmsAndHands;
			sourceTree = "<group>";
		};
		17E0BB271EA41032001FC7F3 /* Videos */ = {
			isa = PBXGroup;
			children = (
				17593E6E1EA83B0300F37C74 /* 5BMaleDocWaving.m4v */,
				17593E6F1EA83B0300F37C74 /* 5AFemaleDocWaving.m4v */,
				17593E701EA83B0300F37C74 /* 4CSitToStand.m4v */,
				17593E711EA83B0300F37C74 /* 4BArmAndTrunkStrengthening.m4v */,
				17593E721EA83B0300F37C74 /* 4ABridgeHipLift.m4v */,
				17593E731EA83B0300F37C74 /* 3BLegControl2.m4v */,
				17593E741EA83B0300F37C74 /* 3ALegControl1.m4v */,
				17593E751EA83B0300F37C74 /* 2BShoulderFlexion.m4v */,
				17593E761EA83B0300F37C74 /* 2AElbowFlexion.m4v */,
				17593E771EA83B0300F37C74 /* 1CHipFlexion.m4v */,
				17593E781EA83B0300F37C74 /* 1BKneeFlexion.m4v */,
				17E0BB281EA41043001FC7F3 /* 1AToeFlexion.m4v */,
			);
			name = Videos;
			sourceTree = "<group>";
		};
		17E0BB471EA41526001FC7F3 /* Strengthening */ = {
			isa = PBXGroup;
			children = (
				17E0BB181EA40F5A001FC7F3 /* LegsViewController.h */,
				17E0BB191EA40F5A001FC7F3 /* LegsViewController.m */,
				17E0BB1A1EA40F5A001FC7F3 /* LegsViewController.xib */,
				17E0BB1D1EA40F70001FC7F3 /* ArmsViewController.h */,
				17E0BB1E1EA40F70001FC7F3 /* ArmsViewController.m */,
				17E0BB1F1EA40F70001FC7F3 /* ArmsViewController.xib */,
				17E0BB361EA4125E001FC7F3 /* CoordinationViewController.h */,
				17E0BB371EA4125E001FC7F3 /* CoordinationViewController.m */,
				17E0BB381EA4125E001FC7F3 /* CoordinationViewController.xib */,
			);
			name = Strengthening;
			sourceTree = "<group>";
		};
		17E0BB481EA415BD001FC7F3 /* Stretching */ = {
			isa = PBXGroup;
			children = (
				17DE3D471EA95F2300D350A1 /* LegAndFeetViewController.h */,
				17DE3D481EA95F2300D350A1 /* LegAndFeetViewController.m */,
				17DE3D491EA95F2300D350A1 /* LegAndFeetViewController.xib */,
				1720A06A1EA9E7EF009C2B87 /* LegAndFeet */,
				17DE3D4C1EA9604900D350A1 /* ArmsAndHandsViewController.h */,
				17DE3D4D1EA9604900D350A1 /* ArmsAndHandsViewController.m */,
				17DE3D4E1EA9604900D350A1 /* ArmsAndHandsViewController.xib */,
				1720A07A1EA9E867009C2B87 /* ArmsAndHands */,
			);
			name = Stretching;
			sourceTree = "<group>";
		};
		17E0BB491EA415F9001FC7F3 /* Mind Exercises */ = {
			isa = PBXGroup;
			children = (
			);
			name = "Mind Exercises";
			sourceTree = "<group>";
		};
		17E0BB4A1EA41611001FC7F3 /* Functional Mobility */ = {
			isa = PBXGroup;
			children = (
			);
			name = "Functional Mobility";
			sourceTree = "<group>";
		};
		CC11D1251EB64FD00063E72A /* Add Reminder */ = {
			isa = PBXGroup;
			children = (
				CC11D1261EB650150063E72A /* AddReminderTitleViewController.h */,
				CC11D1271EB650150063E72A /* AddReminderTitleViewController.m */,
				CC11D1281EB650150063E72A /* AddReminderTitleViewController.xib */,
				CC11D12B1EB650320063E72A /* AddReminderFrequencyViewController.h */,
				CC11D12C1EB650320063E72A /* AddReminderFrequencyViewController.m */,
				CC11D12D1EB650320063E72A /* AddReminderFrequencyViewController.xib */,
				CC11D1301EB6504E0063E72A /* AddReminderTimesViewController.h */,
				CC11D1311EB6504E0063E72A /* AddReminderTimesViewController.m */,
				CC11D1321EB6504E0063E72A /* AddReminderTimesViewController.xib */,
				CC11D1421EB6E7D00063E72A /* TimeTableViewCell.h */,
				CC11D1431EB6E7D00063E72A /* TimeTableViewCell.m */,
				CC11D1441EB6E7D00063E72A /* TimeTableViewCell.xib */,
			);
			name = "Add Reminder";
			sourceTree = "<group>";
		};
		CC3CB64A1EA11F8A00CA9429 /* Data Models */ = {
			isa = PBXGroup;
			children = (
				CC3CB64B1EA11F9E00CA9429 /* LearnContent.h */,
				CC3CB64C1EA11F9E00CA9429 /* LearnContent.m */,
				CC11D11D1EB51AB40063E72A /* Reminder.h */,
				CC11D11E1EB51AB40063E72A /* Reminder.m */,
			);
			name = "Data Models";
			sourceTree = "<group>";
		};
		CC4C10A31E7A26DE00515CDC = {
			isa = PBXGroup;
			children = (
				CC4C10AE1E7A26DE00515CDC /* H4TWStrokeHope */,
				CC4C10CB1E7A26DE00515CDC /* H4TWStrokeHopeTests */,
				CC4C10D61E7A26DE00515CDC /* H4TWStrokeHopeUITests */,
				CC4C10AD1E7A26DE00515CDC /* Products */,
			);
			sourceTree = "<group>";
		};
		CC4C10AD1E7A26DE00515CDC /* Products */ = {
			isa = PBXGroup;
			children = (
				CC4C10AC1E7A26DE00515CDC /* H4TWStrokeHope.app */,
				CC4C10C81E7A26DE00515CDC /* H4TWStrokeHopeTests.xctest */,
				CC4C10D31E7A26DE00515CDC /* H4TWStrokeHopeUITests.xctest */,
			);
			name = Products;
			sourceTree = "<group>";
		};
		CC4C10AE1E7A26DE00515CDC /* H4TWStrokeHope */ = {
			isa = PBXGroup;
			children = (
				CC73E42C1E841EE0001131AF /* Utilities */,
				CC73E4531E86AC18001131AF /* Storyboards */,
				CC4C10B21E7A26DE00515CDC /* AppDelegate.h */,
				CC4C10B31E7A26DE00515CDC /* AppDelegate.m */,
				CCB7B3F81E9410340058C32E /* Home/Enter Screen */,
				CCB7B3F91E94106B0058C32E /* Help Me Speak */,
				CCB7B3FF1E9413170058C32E /* Exercises */,
				CCB7B4051E9413490058C32E /* Learn */,
				CCB7B40B1E94135F0058C32E /* Reminders */,
				CCB7B4111E9413720058C32E /* General Info */,
				CCB7B4171E9413870058C32E /* Surveys */,
				CC3CB64A1EA11F8A00CA9429 /* Data Models */,
				CC4C10C31E7A26DE00515CDC /* Info.plist */,
				CC4C10BB1E7A26DE00515CDC /* H4TWStrokeHope.xcdatamodeld */,
				CC73E4311E842354001131AF /* Resources */,
				CC4C10AF1E7A26DE00515CDC /* Supporting Files */,
			);
			path = H4TWStrokeHope;
			sourceTree = "<group>";
		};
		CC4C10AF1E7A26DE00515CDC /* Supporting Files */ = {
			isa = PBXGroup;
			children = (
				17E0BB2A1EA41069001FC7F3 /* VideoViewController.h */,
				17E0BB2B1EA41069001FC7F3 /* VideoViewController.m */,
				17E0BB2C1EA41069001FC7F3 /* VideoViewController.xib */,
				CC4C10B01E7A26DE00515CDC /* main.m */,
			);
			name = "Supporting Files";
			sourceTree = "<group>";
		};
		CC4C10CB1E7A26DE00515CDC /* H4TWStrokeHopeTests */ = {
			isa = PBXGroup;
			children = (
				CC4C10CC1E7A26DE00515CDC /* H4TWStrokeHopeTests.m */,
				CC4C10CE1E7A26DE00515CDC /* Info.plist */,
			);
			path = H4TWStrokeHopeTests;
			sourceTree = "<group>";
		};
		CC4C10D61E7A26DE00515CDC /* H4TWStrokeHopeUITests */ = {
			isa = PBXGroup;
			children = (
				CC4C10D71E7A26DE00515CDC /* H4TWStrokeHopeUITests.m */,
				CC4C10D91E7A26DE00515CDC /* Info.plist */,
			);
			path = H4TWStrokeHopeUITests;
			sourceTree = "<group>";
		};
		CC73E42C1E841EE0001131AF /* Utilities */ = {
			isa = PBXGroup;
			children = (
				CC4C10E51E7A272C00515CDC /* Constants.h */,
				CC4C10E61E7A272C00515CDC /* Constants.m */,
				CCAE42A61E7C2F33006F490E /* Utils.h */,
				CCAE42A71E7C2F33006F490E /* Utils.m */,
				CC73E42D1E841EF4001131AF /* GraphicUtils.h */,
				CC73E42E1E841EF4001131AF /* GraphicUtils.m */,
			);
			name = Utilities;
			sourceTree = "<group>";
		};
		CC73E4311E842354001131AF /* Resources */ = {
			isa = PBXGroup;
			children = (
				17E0BB271EA41032001FC7F3 /* Videos */,
				CC73E4321E842369001131AF /* Fonts */,
				CC73E42A1E841CAC001131AF /* Patagonia.jpg */,
				CC4C10BE1E7A26DE00515CDC /* Assets.xcassets */,
			);
			name = Resources;
			sourceTree = "<group>";
		};
		CC73E4321E842369001131AF /* Fonts */ = {
			isa = PBXGroup;
			children = (
				CC73E4331E842370001131AF /* Lato-Black.ttf */,
				CC73E4341E842370001131AF /* Lato-BlackItalic.ttf */,
				CC73E4351E842370001131AF /* Lato-Bold.ttf */,
				CC73E4361E842370001131AF /* Lato-BoldItalic.ttf */,
				CC73E4371E842370001131AF /* Lato-Hairline.ttf */,
				CC73E4381E842370001131AF /* Lato-HairlineItalic.ttf */,
				CC73E4391E842370001131AF /* Lato-Italic.ttf */,
				CC73E43A1E842370001131AF /* Lato-Light.ttf */,
				CC73E43B1E842370001131AF /* Lato-LightItalic.ttf */,
				CC73E43C1E842370001131AF /* Lato-Regular.ttf */,
				CC73E43D1E842370001131AF /* OFL.txt */,
			);
			name = Fonts;
			sourceTree = "<group>";
		};
		CC73E4531E86AC18001131AF /* Storyboards */ = {
			isa = PBXGroup;
			children = (
				CC4C10B81E7A26DE00515CDC /* Main.storyboard */,
				CC4C10C01E7A26DE00515CDC /* LaunchScreen.storyboard */,
			);
			name = Storyboards;
			sourceTree = "<group>";
		};
		CCB7B3F81E9410340058C32E /* Home/Enter Screen */ = {
			isa = PBXGroup;
			children = (
				CC73E4571E86BD65001131AF /* HomeButton.h */,
				CC73E4581E86BD65001131AF /* HomeButton.m */,
				CC73E4261E841875001131AF /* EnterViewController.m */,
				CC73E4251E841875001131AF /* EnterViewController.h */,
				CC73E44E1E86AB1C001131AF /* HomeViewController.h */,
				CC73E44F1E86AB1C001131AF /* HomeViewController.m */,
				CC73E4501E86AB1C001131AF /* HomeViewController.xib */,
			);
			name = "Home/Enter Screen";
			sourceTree = "<group>";
		};
		CCB7B3F91E94106B0058C32E /* Help Me Speak */ = {
			isa = PBXGroup;
			children = (
				CCB7B3FA1E9412510058C32E /* HelpMeSpeakViewController.h */,
				CCB7B3FB1E9412510058C32E /* HelpMeSpeakViewController.m */,
				CCB7B3FC1E9412510058C32E /* HelpMeSpeakViewController.xib */,
				CCEF72E81E9AA1670045B692 /* HelpMeSpeakCollectionViewCell.h */,
				CCEF72E91E9AA1670045B692 /* HelpMeSpeakCollectionViewCell.m */,
				CCEF72EA1E9AA1670045B692 /* HelpMeSpeakCollectionViewCell.xib */,
			);
			name = "Help Me Speak";
			sourceTree = "<group>";
		};
		CCB7B3FF1E9413170058C32E /* Exercises */ = {
			isa = PBXGroup;
			children = (
				CCB7B4001E9413260058C32E /* ExercisesViewController.h */,
				CCB7B4011E9413260058C32E /* ExercisesViewController.m */,
				17E0BB451EA4139E001FC7F3 /* ExercisesViewController.xib */,
				17E0BB2F1EA41129001FC7F3 /* StrengtheningViewController.h */,
				17E0BB301EA41129001FC7F3 /* StrengtheningViewController.m */,
				17E0BB341EA41201001FC7F3 /* StrengtheningViewController.xib */,
				17E0BB471EA41526001FC7F3 /* Strengthening */,
				17E0BB3B1EA4127D001FC7F3 /* StretchingViewController.h */,
				17E0BB3C1EA4127D001FC7F3 /* StretchingViewController.m */,
				17E0BB3D1EA4127D001FC7F3 /* StretchingViewController.xib */,
				17E0BB481EA415BD001FC7F3 /* Stretching */,
				17E0BB221EA40F9A001FC7F3 /* MindExercisesViewController.h */,
				17E0BB231EA40F9A001FC7F3 /* MindExercisesViewController.m */,
				17E0BB241EA40F9A001FC7F3 /* MindExercisesViewController.xib */,
				17E0BB491EA415F9001FC7F3 /* Mind Exercises */,
				17E0BB401EA41370001FC7F3 /* FunctionalMobilityViewController.h */,
				17E0BB411EA41370001FC7F3 /* FunctionalMobilityViewController.m */,
				17E0BB421EA41370001FC7F3 /* FunctionalMobilityViewController.xib */,
				17E0BB4A1EA41611001FC7F3 /* Functional Mobility */,
			);
			name = Exercises;
			sourceTree = "<group>";
		};
		CCB7B4051E9413490058C32E /* Learn */ = {
			isa = PBXGroup;
			children = (
				CCB7B4061E9413590058C32E /* LearnViewController.h */,
				CCB7B4071E9413590058C32E /* LearnViewController.m */,
				CCB7B4081E9413590058C32E /* LearnViewController.xib */,
				CC9604901EA3DE110030D2C7 /* LearnContentTypeTableViewCell.h */,
				CC9604911EA3DE110030D2C7 /* LearnContentTypeTableViewCell.m */,
				CC9604921EA3DE110030D2C7 /* LearnContentTypeTableViewCell.xib */,
				CC3CB6451EA11EC800CA9429 /* LearnContentViewController.h */,
				CC3CB6461EA11EC800CA9429 /* LearnContentViewController.m */,
				CC3CB6471EA11EC800CA9429 /* LearnContentViewController.xib */,
			);
			name = Learn;
			sourceTree = "<group>";
		};
		CCB7B40B1E94135F0058C32E /* Reminders */ = {
			isa = PBXGroup;
			children = (
				CC11D1251EB64FD00063E72A /* Add Reminder */,
				CCB7B40C1E94136C0058C32E /* RemindersViewController.h */,
				CCB7B40D1E94136C0058C32E /* RemindersViewController.m */,
				CCB7B40E1E94136C0058C32E /* RemindersViewController.xib */,
				CC11D1181EB3B8DE0063E72A /* ReminderTableViewCell.h */,
				CC11D1191EB3B8DE0063E72A /* ReminderTableViewCell.m */,
				CC11D11A1EB3B8DE0063E72A /* ReminderTableViewCell.xib */,
				CC11D1351EB6B7BC0063E72A /* NoResultsTableViewCell.h */,
				CC11D1361EB6B7BC0063E72A /* NoResultsTableViewCell.m */,
				CC11D1371EB6B7BC0063E72A /* NoResultsTableViewCell.xib */,
				CC11D13A1EB6B99E0063E72A /* EditReminderViewController.h */,
				CC11D13B1EB6B99E0063E72A /* EditReminderViewController.m */,
				CC11D13C1EB6B99E0063E72A /* EditReminderViewController.xib */,
			);
			name = Reminders;
			sourceTree = "<group>";
		};
		CCB7B4111E9413720058C32E /* General Info */ = {
			isa = PBXGroup;
			children = (
				CCB7B4121E9413820058C32E /* GeneralInfoViewController.h */,
				CCB7B4131E9413820058C32E /* GeneralInfoViewController.m */,
				CCB7B4141E9413820058C32E /* GeneralInfoViewController.xib */,
				CC38386B1E95FCF400001213 /* InformationalViewController.h */,
				CC38386C1E95FCF400001213 /* InformationalViewController.m */,
				CC38386D1E95FCF400001213 /* InformationalViewController.xib */,
			);
			name = "General Info";
			sourceTree = "<group>";
		};
		CCB7B4171E9413870058C32E /* Surveys */ = {
			isa = PBXGroup;
			children = (
				CCB7B4181E94139A0058C32E /* SurveysViewController.h */,
				CCB7B4191E94139A0058C32E /* SurveysViewController.m */,
				CCB7B41A1E94139A0058C32E /* SurveysViewController.xib */,
				179726B21EB3109A0053378E /* WebViewController.h */,
				179726B31EB3109B0053378E /* WebViewController.m */,
				179726B41EB3109B0053378E /* WebViewController.xib */,
			);
			name = Surveys;
			sourceTree = "<group>";
		};
/* End PBXGroup section */

/* Begin PBXNativeTarget section */
		CC4C10AB1E7A26DE00515CDC /* H4TWStrokeHope */ = {
			isa = PBXNativeTarget;
			buildConfigurationList = CC4C10DC1E7A26DE00515CDC /* Build configuration list for PBXNativeTarget "H4TWStrokeHope" */;
			buildPhases = (
				CC4C10A81E7A26DE00515CDC /* Sources */,
				CC4C10A91E7A26DE00515CDC /* Frameworks */,
				CC4C10AA1E7A26DE00515CDC /* Resources */,
			);
			buildRules = (
			);
			dependencies = (
			);
			name = H4TWStrokeHope;
			productName = H4TWStrokeHope;
			productReference = CC4C10AC1E7A26DE00515CDC /* H4TWStrokeHope.app */;
			productType = "com.apple.product-type.application";
		};
		CC4C10C71E7A26DE00515CDC /* H4TWStrokeHopeTests */ = {
			isa = PBXNativeTarget;
			buildConfigurationList = CC4C10DF1E7A26DE00515CDC /* Build configuration list for PBXNativeTarget "H4TWStrokeHopeTests" */;
			buildPhases = (
				CC4C10C41E7A26DE00515CDC /* Sources */,
				CC4C10C51E7A26DE00515CDC /* Frameworks */,
				CC4C10C61E7A26DE00515CDC /* Resources */,
			);
			buildRules = (
			);
			dependencies = (
				CC4C10CA1E7A26DE00515CDC /* PBXTargetDependency */,
			);
			name = H4TWStrokeHopeTests;
			productName = H4TWStrokeHopeTests;
			productReference = CC4C10C81E7A26DE00515CDC /* H4TWStrokeHopeTests.xctest */;
			productType = "com.apple.product-type.bundle.unit-test";
		};
		CC4C10D21E7A26DE00515CDC /* H4TWStrokeHopeUITests */ = {
			isa = PBXNativeTarget;
			buildConfigurationList = CC4C10E21E7A26DE00515CDC /* Build configuration list for PBXNativeTarget "H4TWStrokeHopeUITests" */;
			buildPhases = (
				CC4C10CF1E7A26DE00515CDC /* Sources */,
				CC4C10D01E7A26DE00515CDC /* Frameworks */,
				CC4C10D11E7A26DE00515CDC /* Resources */,
			);
			buildRules = (
			);
			dependencies = (
				CC4C10D51E7A26DE00515CDC /* PBXTargetDependency */,
			);
			name = H4TWStrokeHopeUITests;
			productName = H4TWStrokeHopeUITests;
			productReference = CC4C10D31E7A26DE00515CDC /* H4TWStrokeHopeUITests.xctest */;
			productType = "com.apple.product-type.bundle.ui-testing";
		};
/* End PBXNativeTarget section */

/* Begin PBXProject section */
		CC4C10A41E7A26DE00515CDC /* Project object */ = {
			isa = PBXProject;
			attributes = {
				LastUpgradeCheck = 0820;
				ORGANIZATIONNAME = Rachel;
				TargetAttributes = {
					CC4C10AB1E7A26DE00515CDC = {
						CreatedOnToolsVersion = 8.2;
						DevelopmentTeam = X7FF3N72Z3;
						ProvisioningStyle = Automatic;
					};
					CC4C10C71E7A26DE00515CDC = {
						CreatedOnToolsVersion = 8.2;
						ProvisioningStyle = Automatic;
						TestTargetID = CC4C10AB1E7A26DE00515CDC;
					};
					CC4C10D21E7A26DE00515CDC = {
						CreatedOnToolsVersion = 8.2;
						ProvisioningStyle = Automatic;
						TestTargetID = CC4C10AB1E7A26DE00515CDC;
					};
				};
			};
			buildConfigurationList = CC4C10A71E7A26DE00515CDC /* Build configuration list for PBXProject "H4TWStrokeHope" */;
			compatibilityVersion = "Xcode 3.2";
			developmentRegion = English;
			hasScannedForEncodings = 0;
			knownRegions = (
				en,
				Base,
			);
			mainGroup = CC4C10A31E7A26DE00515CDC;
			productRefGroup = CC4C10AD1E7A26DE00515CDC /* Products */;
			projectDirPath = "";
			projectRoot = "";
			targets = (
				CC4C10AB1E7A26DE00515CDC /* H4TWStrokeHope */,
				CC4C10C71E7A26DE00515CDC /* H4TWStrokeHopeTests */,
				CC4C10D21E7A26DE00515CDC /* H4TWStrokeHopeUITests */,
			);
		};
/* End PBXProject section */

/* Begin PBXResourcesBuildPhase section */
		CC4C10AA1E7A26DE00515CDC /* Resources */ = {
			isa = PBXResourcesBuildPhase;
			buildActionMask = 2147483647;
			files = (
				CC73E4481E842370001131AF /* OFL.txt in Resources */,
				CC11D12F1EB650320063E72A /* AddReminderFrequencyViewController.xib in Resources */,
				CC73E4401E842370001131AF /* Lato-Bold.ttf in Resources */,
				CC73E42B1E841CAC001131AF /* Patagonia.jpg in Resources */,
				CC73E4431E842370001131AF /* Lato-HairlineItalic.ttf in Resources */,
				1737A19D1EA897D300C6D71E /* 3ALegControl1.m4v in Resources */,
				CC4C10C21E7A26DE00515CDC /* LaunchScreen.storyboard in Resources */,
				CC11D1461EB6E7D00063E72A /* TimeTableViewCell.xib in Resources */,
				CC73E4441E842370001131AF /* Lato-Italic.ttf in Resources */,
				CC73E4411E842370001131AF /* Lato-BoldItalic.ttf in Resources */,
				179726B61EB3109B0053378E /* WebViewController.xib in Resources */,
				CC3CB6491EA11EC800CA9429 /* LearnContentViewController.xib in Resources */,
				CCEF72EC1E9AA1670045B692 /* HelpMeSpeakCollectionViewCell.xib in Resources */,
				17E0BB291EA41043001FC7F3 /* 1AToeFlexion.m4v in Resources */,
				CCB7B4101E94136C0058C32E /* RemindersViewController.xib in Resources */,
				17E0BB461EA4139E001FC7F3 /* ExercisesViewController.xib in Resources */,
				CC73E43F1E842370001131AF /* Lato-BlackItalic.ttf in Resources */,
				1737A1A01EA897E100C6D71E /* 4BArmAndTrunkStrengthening.m4v in Resources */,
				CC9604941EA3DE110030D2C7 /* LearnContentTypeTableViewCell.xib in Resources */,
				CC11D1391EB6B7BC0063E72A /* NoResultsTableViewCell.xib in Resources */,
				CC11D13E1EB6B99E0063E72A /* EditReminderViewController.xib in Resources */,
				1720A06F1EA9E82C009C2B87 /* HandStretchViewController.xib in Resources */,
				17E0BB441EA41370001FC7F3 /* FunctionalMobilityViewController.xib in Resources */,
				CC73E4421E842370001131AF /* Lato-Hairline.ttf in Resources */,
				17DE3D501EA9604900D350A1 /* ArmsAndHandsViewController.xib in Resources */,
				17DE3D4B1EA95F2300D350A1 /* LegAndFeetViewController.xib in Resources */,
				17E0BB351EA41201001FC7F3 /* StrengtheningViewController.xib in Resources */,
				1737A1991EA8976F00C6D71E /* 1BKneeFlexion.m4v in Resources */,
				17E0BB1C1EA40F5A001FC7F3 /* LegsViewController.xib in Resources */,
				CC4C10BF1E7A26DE00515CDC /* Assets.xcassets in Resources */,
				CC73E43E1E842370001131AF /* Lato-Black.ttf in Resources */,
				CCB7B3FE1E9412510058C32E /* HelpMeSpeakViewController.xib in Resources */,
				1737A19B1EA897C900C6D71E /* 2AElbowFlexion.m4v in Resources */,
				1720A05F1EA9E78D009C2B87 /* AdductorsViewController.xib in Resources */,
				CC11D11C1EB3B8DE0063E72A /* ReminderTableViewCell.xib in Resources */,
				1737A1A11EA897E400C6D71E /* 4CSitToStand.m4v in Resources */,
				CCB7B3F11E8FF7ED0058C32E /* Lato-Regular.ttf in Resources */,
				17E0BB3F1EA4127D001FC7F3 /* StretchingViewController.xib in Resources */,
				CCB7B40A1E9413590058C32E /* LearnViewController.xib in Resources */,
				1720A0741EA9E841009C2B87 /* ShoulderStretchViewController.xib in Resources */,
				CCB7B4161E9413820058C32E /* GeneralInfoViewController.xib in Resources */,
				1737A19E1EA897D700C6D71E /* 3BLegControl2.m4v in Resources */,
				1720A0791EA9E85D009C2B87 /* ArmStretchViewController.xib in Resources */,
				1720A0641EA9E7A3009C2B87 /* HamstringsViewController.xib in Resources */,
				17E0BB211EA40F70001FC7F3 /* ArmsViewController.xib in Resources */,
				1737A19C1EA897CF00C6D71E /* 2BShoulderFlexion.m4v in Resources */,
				CC11D12A1EB650150063E72A /* AddReminderTitleViewController.xib in Resources */,
				1737A19A1EA8977300C6D71E /* 1CHipFlexion.m4v in Resources */,
				1737A19F1EA897DB00C6D71E /* 4ABridgeHipLift.m4v in Resources */,
				17E0BB3A1EA4125E001FC7F3 /* CoordinationViewController.xib in Resources */,
				CC4C10BA1E7A26DE00515CDC /* Main.storyboard in Resources */,
				CCB7B41C1E94139A0058C32E /* SurveysViewController.xib in Resources */,
				1788309C1EA8985200690787 /* 5BMaleDocWaving.m4v in Resources */,
				1737A1A21EA897E800C6D71E /* 5AFemaleDocWaving.m4v in Resources */,
				CC11D1341EB6504E0063E72A /* AddReminderTimesViewController.xib in Resources */,
				CC73E4461E842370001131AF /* Lato-LightItalic.ttf in Resources */,
				CC73E4521E86AB1C001131AF /* HomeViewController.xib in Resources */,
				17E0BB261EA40F9A001FC7F3 /* MindExercisesViewController.xib in Resources */,
				CCB7B3F01E8FF7E90058C32E /* Lato-Light.ttf in Resources */,
				17E0BB2E1EA41069001FC7F3 /* VideoViewController.xib in Resources */,
				1720A0691EA9E7DC009C2B87 /* DorsiflexorsViewController.xib in Resources */,
				CC38386F1E95FCF400001213 /* InformationalViewController.xib in Resources */,
			);
			runOnlyForDeploymentPostprocessing = 0;
		};
		CC4C10C61E7A26DE00515CDC /* Resources */ = {
			isa = PBXResourcesBuildPhase;
			buildActionMask = 2147483647;
			files = (
			);
			runOnlyForDeploymentPostprocessing = 0;
		};
		CC4C10D11E7A26DE00515CDC /* Resources */ = {
			isa = PBXResourcesBuildPhase;
			buildActionMask = 2147483647;
			files = (
			);
			runOnlyForDeploymentPostprocessing = 0;
		};
/* End PBXResourcesBuildPhase section */

/* Begin PBXSourcesBuildPhase section */
		CC4C10A81E7A26DE00515CDC /* Sources */ = {
			isa = PBXSourcesBuildPhase;
			buildActionMask = 2147483647;
			files = (
				17E0BB251EA40F9A001FC7F3 /* MindExercisesViewController.m in Sources */,
				179726B51EB3109B0053378E /* WebViewController.m in Sources */,
				CC73E4591E86BD65001131AF /* HomeButton.m in Sources */,
				CCEF72EB1E9AA1670045B692 /* HelpMeSpeakCollectionViewCell.m in Sources */,
				CCB7B4091E9413590058C32E /* LearnViewController.m in Sources */,
				CC73E42F1E841EF4001131AF /* GraphicUtils.m in Sources */,
				CCB7B4031E9413260058C32E /* ExercisesViewController.m in Sources */,
				CC4C10E71E7A272C00515CDC /* Constants.m in Sources */,
				CC11D13D1EB6B99E0063E72A /* EditReminderViewController.m in Sources */,
				CC3CB64D1EA11F9E00CA9429 /* LearnContent.m in Sources */,
				17E0BB201EA40F70001FC7F3 /* ArmsViewController.m in Sources */,
				1720A06E1EA9E82C009C2B87 /* HandStretchViewController.m in Sources */,
				17E0BB321EA41129001FC7F3 /* StrengtheningViewController.m in Sources */,
				CCB7B40F1E94136C0058C32E /* RemindersViewController.m in Sources */,
				CC4C10B41E7A26DE00515CDC /* AppDelegate.m in Sources */,
				17DE3D4F1EA9604900D350A1 /* ArmsAndHandsViewController.m in Sources */,
				CCB7B4151E9413820058C32E /* GeneralInfoViewController.m in Sources */,
				CC11D1381EB6B7BC0063E72A /* NoResultsTableViewCell.m in Sources */,
				CC3CB6481EA11EC800CA9429 /* LearnContentViewController.m in Sources */,
				17E0BB3E1EA4127D001FC7F3 /* StretchingViewController.m in Sources */,
				CC11D1451EB6E7D00063E72A /* TimeTableViewCell.m in Sources */,
				1720A0781EA9E85D009C2B87 /* ArmStretchViewController.m in Sources */,
				CCB7B3FD1E9412510058C32E /* HelpMeSpeakViewController.m in Sources */,
				1720A0631EA9E7A3009C2B87 /* HamstringsViewController.m in Sources */,
				1720A0731EA9E841009C2B87 /* ShoulderStretchViewController.m in Sources */,
				17E0BB431EA41370001FC7F3 /* FunctionalMobilityViewController.m in Sources */,
				17E0BB2D1EA41069001FC7F3 /* VideoViewController.m in Sources */,
				CC9604931EA3DE110030D2C7 /* LearnContentTypeTableViewCell.m in Sources */,
				CC4C10BD1E7A26DE00515CDC /* H4TWStrokeHope.xcdatamodeld in Sources */,
				CC11D11F1EB51AB40063E72A /* Reminder.m in Sources */,
				CC38386E1E95FCF400001213 /* InformationalViewController.m in Sources */,
				CCB7B41B1E94139A0058C32E /* SurveysViewController.m in Sources */,
				CCAE42A81E7C2F33006F490E /* Utils.m in Sources */,
				CC11D1291EB650150063E72A /* AddReminderTitleViewController.m in Sources */,
				17E0BB1B1EA40F5A001FC7F3 /* LegsViewController.m in Sources */,
				CC11D1331EB6504E0063E72A /* AddReminderTimesViewController.m in Sources */,
				CC4C10B11E7A26DE00515CDC /* main.m in Sources */,
				17E0BB391EA4125E001FC7F3 /* CoordinationViewController.m in Sources */,
				1720A05E1EA9E78D009C2B87 /* AdductorsViewController.m in Sources */,
				CC11D12E1EB650320063E72A /* AddReminderFrequencyViewController.m in Sources */,
				1720A0681EA9E7DC009C2B87 /* DorsiflexorsViewController.m in Sources */,
				CC73E4271E841875001131AF /* EnterViewController.m in Sources */,
				17DE3D4A1EA95F2300D350A1 /* LegAndFeetViewController.m in Sources */,
				CC73E4511E86AB1C001131AF /* HomeViewController.m in Sources */,
				CC11D11B1EB3B8DE0063E72A /* ReminderTableViewCell.m in Sources */,
			);
			runOnlyForDeploymentPostprocessing = 0;
		};
		CC4C10C41E7A26DE00515CDC /* Sources */ = {
			isa = PBXSourcesBuildPhase;
			buildActionMask = 2147483647;
			files = (
				CC4C10CD1E7A26DE00515CDC /* H4TWStrokeHopeTests.m in Sources */,
			);
			runOnlyForDeploymentPostprocessing = 0;
		};
		CC4C10CF1E7A26DE00515CDC /* Sources */ = {
			isa = PBXSourcesBuildPhase;
			buildActionMask = 2147483647;
			files = (
				CC4C10D81E7A26DE00515CDC /* H4TWStrokeHopeUITests.m in Sources */,
			);
			runOnlyForDeploymentPostprocessing = 0;
		};
/* End PBXSourcesBuildPhase section */

/* Begin PBXTargetDependency section */
		CC4C10CA1E7A26DE00515CDC /* PBXTargetDependency */ = {
			isa = PBXTargetDependency;
			target = CC4C10AB1E7A26DE00515CDC /* H4TWStrokeHope */;
			targetProxy = CC4C10C91E7A26DE00515CDC /* PBXContainerItemProxy */;
		};
		CC4C10D51E7A26DE00515CDC /* PBXTargetDependency */ = {
			isa = PBXTargetDependency;
			target = CC4C10AB1E7A26DE00515CDC /* H4TWStrokeHope */;
			targetProxy = CC4C10D41E7A26DE00515CDC /* PBXContainerItemProxy */;
		};
/* End PBXTargetDependency section */

/* Begin PBXVariantGroup section */
		CC4C10B81E7A26DE00515CDC /* Main.storyboard */ = {
			isa = PBXVariantGroup;
			children = (
				CC4C10B91E7A26DE00515CDC /* Base */,
			);
			name = Main.storyboard;
			sourceTree = "<group>";
		};
		CC4C10C01E7A26DE00515CDC /* LaunchScreen.storyboard */ = {
			isa = PBXVariantGroup;
			children = (
				CC4C10C11E7A26DE00515CDC /* Base */,
			);
			name = LaunchScreen.storyboard;
			sourceTree = "<group>";
		};
/* End PBXVariantGroup section */

/* Begin XCBuildConfiguration section */
		CC4C10DA1E7A26DE00515CDC /* Debug */ = {
			isa = XCBuildConfiguration;
			buildSettings = {
				ALWAYS_SEARCH_USER_PATHS = NO;
				CLANG_ANALYZER_NONNULL = YES;
				CLANG_CXX_LANGUAGE_STANDARD = "gnu++0x";
				CLANG_CXX_LIBRARY = "libc++";
				CLANG_ENABLE_MODULES = YES;
				CLANG_ENABLE_OBJC_ARC = YES;
				CLANG_WARN_BOOL_CONVERSION = YES;
				CLANG_WARN_CONSTANT_CONVERSION = YES;
				CLANG_WARN_DIRECT_OBJC_ISA_USAGE = YES_ERROR;
				CLANG_WARN_DOCUMENTATION_COMMENTS = YES;
				CLANG_WARN_EMPTY_BODY = YES;
				CLANG_WARN_ENUM_CONVERSION = YES;
				CLANG_WARN_INFINITE_RECURSION = YES;
				CLANG_WARN_INT_CONVERSION = YES;
				CLANG_WARN_OBJC_ROOT_CLASS = YES_ERROR;
				CLANG_WARN_SUSPICIOUS_MOVE = YES;
				CLANG_WARN_UNREACHABLE_CODE = YES;
				CLANG_WARN__DUPLICATE_METHOD_MATCH = YES;
				"CODE_SIGN_IDENTITY[sdk=iphoneos*]" = "iPhone Developer";
				COPY_PHASE_STRIP = NO;
				DEBUG_INFORMATION_FORMAT = dwarf;
				ENABLE_STRICT_OBJC_MSGSEND = YES;
				ENABLE_TESTABILITY = YES;
				GCC_C_LANGUAGE_STANDARD = gnu99;
				GCC_DYNAMIC_NO_PIC = NO;
				GCC_NO_COMMON_BLOCKS = YES;
				GCC_OPTIMIZATION_LEVEL = 0;
				GCC_PREPROCESSOR_DEFINITIONS = (
					"DEBUG=1",
					"$(inherited)",
				);
				GCC_WARN_64_TO_32_BIT_CONVERSION = YES;
				GCC_WARN_ABOUT_RETURN_TYPE = YES_ERROR;
				GCC_WARN_UNDECLARED_SELECTOR = YES;
				GCC_WARN_UNINITIALIZED_AUTOS = YES_AGGRESSIVE;
				GCC_WARN_UNUSED_FUNCTION = YES;
				GCC_WARN_UNUSED_VARIABLE = YES;
				IPHONEOS_DEPLOYMENT_TARGET = 10.2;
				MTL_ENABLE_DEBUG_INFO = YES;
				ONLY_ACTIVE_ARCH = YES;
				SDKROOT = iphoneos;
			};
			name = Debug;
		};
		CC4C10DB1E7A26DE00515CDC /* Release */ = {
			isa = XCBuildConfiguration;
			buildSettings = {
				ALWAYS_SEARCH_USER_PATHS = NO;
				CLANG_ANALYZER_NONNULL = YES;
				CLANG_CXX_LANGUAGE_STANDARD = "gnu++0x";
				CLANG_CXX_LIBRARY = "libc++";
				CLANG_ENABLE_MODULES = YES;
				CLANG_ENABLE_OBJC_ARC = YES;
				CLANG_WARN_BOOL_CONVERSION = YES;
				CLANG_WARN_CONSTANT_CONVERSION = YES;
				CLANG_WARN_DIRECT_OBJC_ISA_USAGE = YES_ERROR;
				CLANG_WARN_DOCUMENTATION_COMMENTS = YES;
				CLANG_WARN_EMPTY_BODY = YES;
				CLANG_WARN_ENUM_CONVERSION = YES;
				CLANG_WARN_INFINITE_RECURSION = YES;
				CLANG_WARN_INT_CONVERSION = YES;
				CLANG_WARN_OBJC_ROOT_CLASS = YES_ERROR;
				CLANG_WARN_SUSPICIOUS_MOVE = YES;
				CLANG_WARN_UNREACHABLE_CODE = YES;
				CLANG_WARN__DUPLICATE_METHOD_MATCH = YES;
				"CODE_SIGN_IDENTITY[sdk=iphoneos*]" = "iPhone Developer";
				COPY_PHASE_STRIP = NO;
				DEBUG_INFORMATION_FORMAT = "dwarf-with-dsym";
				ENABLE_NS_ASSERTIONS = NO;
				ENABLE_STRICT_OBJC_MSGSEND = YES;
				GCC_C_LANGUAGE_STANDARD = gnu99;
				GCC_NO_COMMON_BLOCKS = YES;
				GCC_WARN_64_TO_32_BIT_CONVERSION = YES;
				GCC_WARN_ABOUT_RETURN_TYPE = YES_ERROR;
				GCC_WARN_UNDECLARED_SELECTOR = YES;
				GCC_WARN_UNINITIALIZED_AUTOS = YES_AGGRESSIVE;
				GCC_WARN_UNUSED_FUNCTION = YES;
				GCC_WARN_UNUSED_VARIABLE = YES;
				IPHONEOS_DEPLOYMENT_TARGET = 10.2;
				MTL_ENABLE_DEBUG_INFO = NO;
				SDKROOT = iphoneos;
				VALIDATE_PRODUCT = YES;
			};
			name = Release;
		};
		CC4C10DD1E7A26DE00515CDC /* Debug */ = {
			isa = XCBuildConfiguration;
			buildSettings = {
				ASSETCATALOG_COMPILER_APPICON_NAME = AppIcon;
				DEVELOPMENT_TEAM = X7FF3N72Z3;
				INFOPLIST_FILE = H4TWStrokeHope/Info.plist;
				LD_RUNPATH_SEARCH_PATHS = "$(inherited) @executable_path/Frameworks";
				PRODUCT_BUNDLE_IDENTIFIER = rachelgrau.Health4TheWorldStroke;
				PRODUCT_NAME = "$(TARGET_NAME)";
			};
			name = Debug;
		};
		CC4C10DE1E7A26DE00515CDC /* Release */ = {
			isa = XCBuildConfiguration;
			buildSettings = {
				ASSETCATALOG_COMPILER_APPICON_NAME = AppIcon;
				DEVELOPMENT_TEAM = X7FF3N72Z3;
				INFOPLIST_FILE = H4TWStrokeHope/Info.plist;
				LD_RUNPATH_SEARCH_PATHS = "$(inherited) @executable_path/Frameworks";
				PRODUCT_BUNDLE_IDENTIFIER = rachelgrau.Health4TheWorldStroke;
				PRODUCT_NAME = "$(TARGET_NAME)";
			};
			name = Release;
		};
		CC4C10E01E7A26DE00515CDC /* Debug */ = {
			isa = XCBuildConfiguration;
			buildSettings = {
				BUNDLE_LOADER = "$(TEST_HOST)";
				INFOPLIST_FILE = H4TWStrokeHopeTests/Info.plist;
				LD_RUNPATH_SEARCH_PATHS = "$(inherited) @executable_path/Frameworks @loader_path/Frameworks";
				PRODUCT_BUNDLE_IDENTIFIER = rachelgrau.H4TWStrokeHopeTests;
				PRODUCT_NAME = "$(TARGET_NAME)";
				TEST_HOST = "$(BUILT_PRODUCTS_DIR)/H4TWStrokeHope.app/H4TWStrokeHope";
			};
			name = Debug;
		};
		CC4C10E11E7A26DE00515CDC /* Release */ = {
			isa = XCBuildConfiguration;
			buildSettings = {
				BUNDLE_LOADER = "$(TEST_HOST)";
				INFOPLIST_FILE = H4TWStrokeHopeTests/Info.plist;
				LD_RUNPATH_SEARCH_PATHS = "$(inherited) @executable_path/Frameworks @loader_path/Frameworks";
				PRODUCT_BUNDLE_IDENTIFIER = rachelgrau.H4TWStrokeHopeTests;
				PRODUCT_NAME = "$(TARGET_NAME)";
				TEST_HOST = "$(BUILT_PRODUCTS_DIR)/H4TWStrokeHope.app/H4TWStrokeHope";
			};
			name = Release;
		};
		CC4C10E31E7A26DE00515CDC /* Debug */ = {
			isa = XCBuildConfiguration;
			buildSettings = {
				INFOPLIST_FILE = H4TWStrokeHopeUITests/Info.plist;
				LD_RUNPATH_SEARCH_PATHS = "$(inherited) @executable_path/Frameworks @loader_path/Frameworks";
				PRODUCT_BUNDLE_IDENTIFIER = rachelgrau.H4TWStrokeHopeUITests;
				PRODUCT_NAME = "$(TARGET_NAME)";
				TEST_TARGET_NAME = H4TWStrokeHope;
			};
			name = Debug;
		};
		CC4C10E41E7A26DE00515CDC /* Release */ = {
			isa = XCBuildConfiguration;
			buildSettings = {
				INFOPLIST_FILE = H4TWStrokeHopeUITests/Info.plist;
				LD_RUNPATH_SEARCH_PATHS = "$(inherited) @executable_path/Frameworks @loader_path/Frameworks";
				PRODUCT_BUNDLE_IDENTIFIER = rachelgrau.H4TWStrokeHopeUITests;
				PRODUCT_NAME = "$(TARGET_NAME)";
				TEST_TARGET_NAME = H4TWStrokeHope;
			};
			name = Release;
		};
/* End XCBuildConfiguration section */

/* Begin XCConfigurationList section */
		CC4C10A71E7A26DE00515CDC /* Build configuration list for PBXProject "H4TWStrokeHope" */ = {
			isa = XCConfigurationList;
			buildConfigurations = (
				CC4C10DA1E7A26DE00515CDC /* Debug */,
				CC4C10DB1E7A26DE00515CDC /* Release */,
			);
			defaultConfigurationIsVisible = 0;
			defaultConfigurationName = Release;
		};
		CC4C10DC1E7A26DE00515CDC /* Build configuration list for PBXNativeTarget "H4TWStrokeHope" */ = {
			isa = XCConfigurationList;
			buildConfigurations = (
				CC4C10DD1E7A26DE00515CDC /* Debug */,
				CC4C10DE1E7A26DE00515CDC /* Release */,
			);
			defaultConfigurationIsVisible = 0;
			defaultConfigurationName = Release;
		};
		CC4C10DF1E7A26DE00515CDC /* Build configuration list for PBXNativeTarget "H4TWStrokeHopeTests" */ = {
			isa = XCConfigurationList;
			buildConfigurations = (
				CC4C10E01E7A26DE00515CDC /* Debug */,
				CC4C10E11E7A26DE00515CDC /* Release */,
			);
			defaultConfigurationIsVisible = 0;
			defaultConfigurationName = Release;
		};
		CC4C10E21E7A26DE00515CDC /* Build configuration list for PBXNativeTarget "H4TWStrokeHopeUITests" */ = {
			isa = XCConfigurationList;
			buildConfigurations = (
				CC4C10E31E7A26DE00515CDC /* Debug */,
				CC4C10E41E7A26DE00515CDC /* Release */,
			);
			defaultConfigurationIsVisible = 0;
			defaultConfigurationName = Release;
		};
/* End XCConfigurationList section */

/* Begin XCVersionGroup section */
		CC4C10BB1E7A26DE00515CDC /* H4TWStrokeHope.xcdatamodeld */ = {
			isa = XCVersionGroup;
			children = (
				CC4C10BC1E7A26DE00515CDC /* H4TWStrokeHope.xcdatamodel */,
			);
			currentVersion = CC4C10BC1E7A26DE00515CDC /* H4TWStrokeHope.xcdatamodel */;
			path = H4TWStrokeHope.xcdatamodeld;
			sourceTree = "<group>";
			versionGroupType = wrapper.xcdatamodel;
		};
/* End XCVersionGroup section */
	};
	rootObject = CC4C10A41E7A26DE00515CDC /* Project object */;
}
